<?xml version="1.0" encoding="utf-8"?>
<Project ToolsVersion="15.0" xmlns="http://schemas.microsoft.com/developer/msbuild/2003">
  <ItemGroup>
    <Filter Include="Source Files">
      <UniqueIdentifier>{823c2e83-72db-4baf-99bf-660ae66ca7f4}</UniqueIdentifier>
    </Filter>
    <Filter Include="Header Files">
      <UniqueIdentifier>{bfe4b70d-3f3b-49ff-80fc-38bc2fe8a511}</UniqueIdentifier>
    </Filter>
  </ItemGroup>
  <ItemGroup>
    <ClCompile Include="src\cpplib_bsopt.cpp">
      <Filter>Source Files</Filter>
    </ClCompile>
    <ClCompile Include="src\cpplib_bsopt_helper.cpp">
      <Filter>Source Files</Filter>
    </ClCompile>
    <ClCompile Include="src\cpplib_cashflow.cpp">
      <Filter>Source Files</Filter>
    </ClCompile>
    <ClCompile Include="src\cpplib_cashflow_helper.cpp">
      <Filter>Source Files</Filter>
    </ClCompile>
    <ClCompile Include="src\cpplib_cpplib_service_manager.cpp">
      <Filter>Source Files</Filter>
    </ClCompile>
    <ClCompile Include="src\cpplib_dates.cpp">
      <Filter>Source Files</Filter>
    </ClCompile>
    <ClCompile Include="src\cpplib_dates_helper.cpp">
      <Filter>Source Files</Filter>
    </ClCompile>
    <ClCompile Include="src\cpplib_dateType.cpp">
      <Filter>Source Files</Filter>
    </ClCompile>
    <ClCompile Include="src\cpplib_dateType_helper.cpp">
      <Filter>Source Files</Filter>
    </ClCompile>
    <ClCompile Include="src\cpplib_dist.cpp">
      <Filter>Source Files</Filter>
    </ClCompile>
    <ClCompile Include="src\cpplib_dist_helper.cpp">
      <Filter>Source Files</Filter>
    </ClCompile>
    <ClCompile Include="src\cpplib_holidays.cpp">
      <Filter>Source Files</Filter>
    </ClCompile>
    <ClCompile Include="src\cpplib_holidays_helper.cpp">
      <Filter>Source Files</Filter>
    </ClCompile>
    <ClCompile Include="src\cpplib_indexCurve.cpp">
      <Filter>Source Files</Filter>
    </ClCompile>
    <ClCompile Include="src\cpplib_indexCurve_helper.cpp">
      <Filter>Source Files</Filter>
    </ClCompile>
    <ClCompile Include="src\cpplib_math.cpp">
      <Filter>Source Files</Filter>
    </ClCompile>
    <ClCompile Include="src\cpplib_math_helper.cpp">
      <Filter>Source Files</Filter>
    </ClCompile>
    <ClCompile Include="src\cpplib_rates.cpp">
      <Filter>Source Files</Filter>
    </ClCompile>
    <ClCompile Include="src\cpplib_rates_helper.cpp">
      <Filter>Source Files</Filter>
    </ClCompile>
    <ClCompile Include="src\cpplib_version.cpp">
      <Filter>Source Files</Filter>
    </ClCompile>
    <ClCompile Include="src\cpplib_version_helper.cpp">
      <Filter>Source Files</Filter>
    </ClCompile>
    <ClCompile Include="src\cpplib_zcBuild.cpp">
      <Filter>Source Files</Filter>
    </ClCompile>
    <ClCompile Include="src\cpplib_zcBuild_helper.cpp">
      <Filter>Source Files</Filter>
    </ClCompile>
    <ClCompile Include="src\cpplib_zeroCurve.cpp">
      <Filter>Source Files</Filter>
    </ClCompile>
    <ClCompile Include="src\cpplib_zeroCurve_helper.cpp">
      <Filter>Source Files</Filter>
    </ClCompile>
  </ItemGroup>
  <ItemGroup>
    <ClInclude Include="cpplib_bsopt.hpp">
      <Filter>Header Files</Filter>
    </ClInclude>
    <ClInclude Include="cpplib_bsopt_classes.hpp">
      <Filter>Header Files</Filter>
    </ClInclude>
    <ClInclude Include="cpplib_cashflow.hpp">
      <Filter>Header Files</Filter>
    </ClInclude>
    <ClInclude Include="cpplib_cashflow_classes.hpp">
      <Filter>Header Files</Filter>
    </ClInclude>
    <ClInclude Include="cpplib_cpplib_service.hpp">
      <Filter>Header Files</Filter>
    </ClInclude>
    <ClInclude Include="cpplib_dates.hpp">
      <Filter>Header Files</Filter>
    </ClInclude>
    <ClInclude Include="cpplib_dates_classes.hpp">
      <Filter>Header Files</Filter>
    </ClInclude>
    <ClInclude Include="cpplib_dateType.hpp">
      <Filter>Header Files</Filter>
    </ClInclude>
    <ClInclude Include="cpplib_dateType_classes.hpp">
      <Filter>Header Files</Filter>
    </ClInclude>
    <ClInclude Include="cpplib_dist.hpp">
      <Filter>Header Files</Filter>
    </ClInclude>
    <ClInclude Include="cpplib_dist_classes.hpp">
      <Filter>Header Files</Filter>
    </ClInclude>
    <ClInclude Include="cpplib_holidays.hpp">
      <Filter>Header Files</Filter>
    </ClInclude>
    <ClInclude Include="cpplib_holidays_classes.hpp">
      <Filter>Header Files</Filter>
    </ClInclude>
    <ClInclude Include="cpplib_indexCurve.hpp">
      <Filter>Header Files</Filter>
    </ClInclude>
    <ClInclude Include="cpplib_indexCurve_classes.hpp">
      <Filter>Header Files</Filter>
    </ClInclude>
    <ClInclude Include="cpplib_math.hpp">
      <Filter>Header Files</Filter>
    </ClInclude>
    <ClInclude Include="cpplib_math_classes.hpp">
      <Filter>Header Files</Filter>
    </ClInclude>
    <ClInclude Include="cpplib_namespace.hpp">
      <Filter>Header Files</Filter>
    </ClInclude>
    <ClInclude Include="cpplib_rates.hpp">
      <Filter>Header Files</Filter>
    </ClInclude>
    <ClInclude Include="cpplib_rates_classes.hpp">
      <Filter>Header Files</Filter>
    </ClInclude>
    <ClInclude Include="cpplib_version.hpp">
      <Filter>Header Files</Filter>
    </ClInclude>
    <ClInclude Include="cpplib_version_classes.hpp">
      <Filter>Header Files</Filter>
    </ClInclude>
    <ClInclude Include="cpplib_zcBuild.hpp">
      <Filter>Header Files</Filter>
    </ClInclude>
    <ClInclude Include="cpplib_zcBuild_classes.hpp">
      <Filter>Header Files</Filter>
    </ClInclude>
    <ClInclude Include="cpplib_zeroCurve.hpp">
      <Filter>Header Files</Filter>
    </ClInclude>
    <ClInclude Include="cpplib_zeroCurve_classes.hpp">
      <Filter>Header Files</Filter>
    </ClInclude>
    <ClInclude Include="src\cpplib_bsopt_helper.hpp">
      <Filter>Header Files</Filter>
    </ClInclude>
    <ClInclude Include="src\cpplib_bsopt_helper_classes.hpp">
      <Filter>Header Files</Filter>
    </ClInclude>
    <ClInclude Include="src\cpplib_cashflow_helper.hpp">
      <Filter>Header Files</Filter>
    </ClInclude>
    <ClInclude Include="src\cpplib_cashflow_helper_classes.hpp">
      <Filter>Header Files</Filter>
    </ClInclude>
    <ClInclude Include="src\cpplib_cpplib_service_manager.hpp">
      <Filter>Header Files</Filter>
    </ClInclude>
    <ClInclude Include="src\cpplib_cpplib_time_out.hpp">
      <Filter>Header Files</Filter>
    </ClInclude>
    <ClInclude Include="src\cpplib_cpplib_type_converters.hpp">
      <Filter>Header Files</Filter>
    </ClInclude>
    <ClInclude Include="src\cpplib_dates_helper.hpp">
      <Filter>Header Files</Filter>
    </ClInclude>
    <ClInclude Include="src\cpplib_dates_helper_classes.hpp">
      <Filter>Header Files</Filter>
    </ClInclude>
    <ClInclude Include="src\cpplib_dateType_helper.hpp">
      <Filter>Header Files</Filter>
    </ClInclude>
    <ClInclude Include="src\cpplib_dateType_helper_classes.hpp">
      <Filter>Header Files</Filter>
    </ClInclude>
    <ClInclude Include="src\cpplib_dist_helper.hpp">
      <Filter>Header Files</Filter>
    </ClInclude>
    <ClInclude Include="src\cpplib_dist_helper_classes.hpp">
      <Filter>Header Files</Filter>
    </ClInclude>
    <ClInclude Include="src\cpplib_holidays_helper.hpp">
      <Filter>Header Files</Filter>
    </ClInclude>
    <ClInclude Include="src\cpplib_holidays_helper_classes.hpp">
      <Filter>Header Files</Filter>
    </ClInclude>
    <ClInclude Include="src\cpplib_indexCurve_helper.hpp">
      <Filter>Header Files</Filter>
    </ClInclude>
    <ClInclude Include="src\cpplib_indexCurve_helper_classes.hpp">
      <Filter>Header Files</Filter>
    </ClInclude>
    <ClInclude Include="src\cpplib_math_helper.hpp">
      <Filter>Header Files</Filter>
    </ClInclude>
    <ClInclude Include="src\cpplib_math_helper_classes.hpp">
      <Filter>Header Files</Filter>
    </ClInclude>
    <ClInclude Include="src\cpplib_rates_helper.hpp">
      <Filter>Header Files</Filter>
    </ClInclude>
    <ClInclude Include="src\cpplib_rates_helper_classes.hpp">
      <Filter>Header Files</Filter>
    </ClInclude>
    <ClInclude Include="src\cpplib_version_helper.hpp">
      <Filter>Header Files</Filter>
    </ClInclude>
    <ClInclude Include="src\cpplib_version_helper_classes.hpp">
      <Filter>Header Files</Filter>
    </ClInclude>
    <ClInclude Include="src\cpplib_zcBuild_helper.hpp">
      <Filter>Header Files</Filter>
    </ClInclude>
    <ClInclude Include="src\cpplib_zcBuild_helper_classes.hpp">
      <Filter>Header Files</Filter>
    </ClInclude>
    <ClInclude Include="src\cpplib_zeroCurve_helper.hpp">
      <Filter>Header Files</Filter>
    </ClInclude>
    <ClInclude Include="src\cpplib_zeroCurve_helper_classes.hpp">
      <Filter>Header Files</Filter>
    </ClInclude>
    <ClInclude Include="cpplib_cpplib_decl_spec.h">
      <Filter>Header Files</Filter>
    </ClInclude>
  </ItemGroup>
  <ItemGroup>
    <None Include="Makefile" />
    <None Include="properties.mk" />
  </ItemGroup>
</Project>