<?xml version="1.0" encoding="utf-8"?>
<Project ToolsVersion="15.0" xmlns="http://schemas.microsoft.com/developer/msbuild/2003">
  <ItemGroup>
    <Filter Include="Source Files">
      <UniqueIdentifier>{c9686030-c71e-4a0c-a02d-a2bfa5349701}</UniqueIdentifier>
    </Filter>
    <Filter Include="Header Files">
      <UniqueIdentifier>{f841e802-0f62-4794-9c6c-3e98b8d295b2}</UniqueIdentifier>
    </Filter>
  </ItemGroup>
  <ItemGroup>
    <ClCompile Include="src\CashFlowList.cpp">
      <Filter>Source Files</Filter>
    </ClCompile>
    <ClCompile Include="src\DiscountCurve.cpp">
      <Filter>Source Files</Filter>
    </ClCompile>
    <ClCompile Include="src\IndexCurve.cpp">
      <Filter>Source Files</Filter>
    </ClCompile>
    <ClCompile Include="src\RateType.cpp">
      <Filter>Source Files</Filter>
    </ClCompile>
    <ClCompile Include="src\Swaps.cpp">
      <Filter>Source Files</Filter>
    </ClCompile>
    <ClCompile Include="src\ZCBuild.cpp">
      <Filter>Source Files</Filter>
    </ClCompile>
    <ClCompile Include="src\ZeroCurve.cpp">
      <Filter>Source Files</Filter>
    </ClCompile>
  </ItemGroup>
  <ItemGroup>
    <ClInclude Include="CashFlowList.hpp">
      <Filter>Header Files</Filter>
    </ClInclude>
    <ClInclude Include="DiscountCurve.hpp">
      <Filter>Header Files</Filter>
    </ClInclude>
    <ClInclude Include="IndexCurve.hpp">
      <Filter>Header Files</Filter>
    </ClInclude>
    <ClInclude Include="RateType.hpp">
      <Filter>Header Files</Filter>
    </ClInclude>
    <ClInclude Include="Swaps.hpp">
      <Filter>Header Files</Filter>
    </ClInclude>
    <ClInclude Include="ZCBuild.hpp">
      <Filter>Header Files</Filter>
    </ClInclude>
    <ClInclude Include="ZeroCurve.hpp">
      <Filter>Header Files</Filter>
    </ClInclude>
  </ItemGroup>
  <ItemGroup>
    <None Include="Makefile" />
  </ItemGroup>
</Project>