<?xml version="1.0" encoding="utf-8"?>
<Project ToolsVersion="16.0" xmlns="http://schemas.microsoft.com/developer/msbuild/2003">
  <ItemGroup>
    <Filter Include="Source Files">
      <UniqueIdentifier>{8d5b0326-22c5-4d55-b4d5-9e8217037b71}</UniqueIdentifier>
    </Filter>
    <Filter Include="Header Files">
      <UniqueIdentifier>{8d022dd4-7285-4455-9fa8-aa341dfd2f32}</UniqueIdentifier>
    </Filter>
  </ItemGroup>
  <ItemGroup>
    <ClCompile Include="src\Date.cpp">
      <Filter>Source Files</Filter>
    </ClCompile>
    <ClCompile Include="src\DateInterval.cpp">
      <Filter>Source Files</Filter>
    </ClCompile>
    <ClCompile Include="src\DateIntervalAdjust.cpp">
      <Filter>Source Files</Filter>
    </ClCompile>
    <ClCompile Include="src\DateList.cpp">
      <Filter>Source Files</Filter>
    </ClCompile>
    <ClCompile Include="src\DateOrInterval.cpp">
      <Filter>Source Files</Filter>
    </ClCompile>
    <ClCompile Include="src\DayCount.cpp">
      <Filter>Source Files</Filter>
    </ClCompile>
    <ClCompile Include="src\EnumLookup.cpp">
      <Filter>Source Files</Filter>
    </ClCompile>
    <ClCompile Include="src\Holidays.cpp">
      <Filter>Source Files</Filter>
    </ClCompile>
    <ClCompile Include="src\Results.cpp">
      <Filter>Source Files</Filter>
    </ClCompile>
    <ClCompile Include="src\RootBrent.cpp">
      <Filter>Source Files</Filter>
    </ClCompile>
  </ItemGroup>
  <ItemGroup>
    <ClInclude Include="Date.hpp">
      <Filter>Header Files</Filter>
    </ClInclude>
    <ClInclude Include="DateInterval.hpp">
      <Filter>Header Files</Filter>
    </ClInclude>
    <ClInclude Include="DateIntervalAdjust.hpp">
      <Filter>Header Files</Filter>
    </ClInclude>
    <ClInclude Include="DateList.hpp">
      <Filter>Header Files</Filter>
    </ClInclude>
    <ClInclude Include="DateOrInterval.hpp">
      <Filter>Header Files</Filter>
    </ClInclude>
    <ClInclude Include="DayCount.hpp">
      <Filter>Header Files</Filter>
    </ClInclude>
    <ClInclude Include="Declare.hpp">
      <Filter>Header Files</Filter>
    </ClInclude>
    <ClInclude Include="EnumLookup.hpp">
      <Filter>Header Files</Filter>
    </ClInclude>
    <ClInclude Include="Format.hpp">
      <Filter>Header Files</Filter>
    </ClInclude>
    <ClInclude Include="Holidays.hpp">
      <Filter>Header Files</Filter>
    </ClInclude>
    <ClInclude Include="RefCounter.hpp">
      <Filter>Header Files</Filter>
    </ClInclude>
    <ClInclude Include="Results.hpp">
      <Filter>Header Files</Filter>
    </ClInclude>
    <ClInclude Include="RootBrent.hpp">
      <Filter>Header Files</Filter>
    </ClInclude>
    <ClInclude Include="RuntimeError.hpp">
      <Filter>Header Files</Filter>
    </ClInclude>
  </ItemGroup>
  <ItemGroup>
    <None Include="Makefile" />
  </ItemGroup>
</Project>