<?xml version="1.0" encoding="utf-8"?>
<Project ToolsVersion="15.0" xmlns="http://schemas.microsoft.com/developer/msbuild/2003">
  <ItemGroup>
    <Filter Include="Source Files">
      <UniqueIdentifier>{00a0e6b3-cfc0-4492-b5f1-b965bccb1998}</UniqueIdentifier>
    </Filter>
    <Filter Include="Header Files">
      <UniqueIdentifier>{8e428f12-49c3-4a18-9845-f0785cc9c8ce}</UniqueIdentifier>
    </Filter>
  </ItemGroup>
  <ItemGroup>
    <ClCompile Include="src\ql_dates.cpp">
      <Filter>Source Files</Filter>
    </ClCompile>
    <ClCompile Include="src\ql_dates_helper.cpp">
      <Filter>Source Files</Filter>
    </ClCompile>
    <ClCompile Include="src\ql_math.cpp">
      <Filter>Source Files</Filter>
    </ClCompile>
    <ClCompile Include="src\ql_math_helper.cpp">
      <Filter>Source Files</Filter>
    </ClCompile>
    <ClCompile Include="src\ql_ql_service_manager.cpp">
      <Filter>Source Files</Filter>
    </ClCompile>
    <ClCompile Include="src\ql_version.cpp">
      <Filter>Source Files</Filter>
    </ClCompile>
    <ClCompile Include="src\ql_version_helper.cpp">
      <Filter>Source Files</Filter>
    </ClCompile>
  </ItemGroup>
  <ItemGroup>
    <ClInclude Include="ql_dates.hpp">
      <Filter>Header Files</Filter>
    </ClInclude>
    <ClInclude Include="ql_dates_classes.hpp">
      <Filter>Header Files</Filter>
    </ClInclude>
    <ClInclude Include="ql_math.hpp">
      <Filter>Header Files</Filter>
    </ClInclude>
    <ClInclude Include="ql_math_classes.hpp">
      <Filter>Header Files</Filter>
    </ClInclude>
    <ClInclude Include="ql_namespace.hpp">
      <Filter>Header Files</Filter>
    </ClInclude>
    <ClInclude Include="ql_ql_service.hpp">
      <Filter>Header Files</Filter>
    </ClInclude>
    <ClInclude Include="ql_version.hpp">
      <Filter>Header Files</Filter>
    </ClInclude>
    <ClInclude Include="ql_version_classes.hpp">
      <Filter>Header Files</Filter>
    </ClInclude>
    <ClInclude Include="src\ql_dates_helper.hpp">
      <Filter>Header Files</Filter>
    </ClInclude>
    <ClInclude Include="src\ql_dates_helper_classes.hpp">
      <Filter>Header Files</Filter>
    </ClInclude>
    <ClInclude Include="src\ql_math_helper.hpp">
      <Filter>Header Files</Filter>
    </ClInclude>
    <ClInclude Include="src\ql_math_helper_classes.hpp">
      <Filter>Header Files</Filter>
    </ClInclude>
    <ClInclude Include="src\ql_ql_service_manager.hpp">
      <Filter>Header Files</Filter>
    </ClInclude>
    <ClInclude Include="src\ql_ql_time_out.hpp">
      <Filter>Header Files</Filter>
    </ClInclude>
    <ClInclude Include="src\ql_ql_type_converters.hpp">
      <Filter>Header Files</Filter>
    </ClInclude>
    <ClInclude Include="src\ql_version_helper.hpp">
      <Filter>Header Files</Filter>
    </ClInclude>
    <ClInclude Include="src\ql_version_helper_classes.hpp">
      <Filter>Header Files</Filter>
    </ClInclude>
    <ClInclude Include="ql_ql_decl_spec.h">
      <Filter>Header Files</Filter>
    </ClInclude>
  </ItemGroup>
  <ItemGroup>
    <None Include="Makefile" />
    <None Include="properties.mk" />
  </ItemGroup>
</Project>