<?xml version="1.0" encoding="utf-8"?>
<Project ToolsVersion="15.0" xmlns="http://schemas.microsoft.com/developer/msbuild/2003">
  <ItemGroup>
    <Filter Include="Source Files">
      <UniqueIdentifier>{c4de04d2-ed7f-4af3-aa43-c26a7a808d8a}</UniqueIdentifier>
    </Filter>
    <Filter Include="Header Files">
      <UniqueIdentifier>{ab57b9e4-19dc-4f90-a0ad-c934a62cf8d2}</UniqueIdentifier>
    </Filter>
  </ItemGroup>
  <ItemGroup>
    <ClCompile Include="src\xll_clib_clib.cpp">
      <Filter>Source Files</Filter>
    </ClCompile>
    <ClCompile Include="src\xl_clib_cashflow.cpp">
      <Filter>Source Files</Filter>
    </ClCompile>
    <ClCompile Include="src\xl_clib_dates.cpp">
      <Filter>Source Files</Filter>
    </ClCompile>
    <ClCompile Include="src\xl_clib_dateType.cpp">
      <Filter>Source Files</Filter>
    </ClCompile>
    <ClCompile Include="src\xl_clib_holidays.cpp">
      <Filter>Source Files</Filter>
    </ClCompile>
    <ClCompile Include="src\xl_clib_indexCurve.cpp">
      <Filter>Source Files</Filter>
    </ClCompile>
    <ClCompile Include="src\xl_clib_math.cpp">
      <Filter>Source Files</Filter>
    </ClCompile>
    <ClCompile Include="src\xl_clib_rates.cpp">
      <Filter>Source Files</Filter>
    </ClCompile>
    <ClCompile Include="src\xl_clib_version.cpp">
      <Filter>Source Files</Filter>
    </ClCompile>
    <ClCompile Include="src\xl_clib_zcBuild.cpp">
      <Filter>Source Files</Filter>
    </ClCompile>
    <ClCompile Include="src\xl_clib_zeroCurve.cpp">
      <Filter>Source Files</Filter>
    </ClCompile>
  </ItemGroup>
  <ItemGroup>
    <ClInclude Include="src\xll_clib_clib.hpp">
      <Filter>Header Files</Filter>
    </ClInclude>
    <ClInclude Include="src\xl_clib_cashflow.hpp">
      <Filter>Header Files</Filter>
    </ClInclude>
    <ClInclude Include="src\xl_clib_dates.hpp">
      <Filter>Header Files</Filter>
    </ClInclude>
    <ClInclude Include="src\xl_clib_dateType.hpp">
      <Filter>Header Files</Filter>
    </ClInclude>
    <ClInclude Include="src\xl_clib_holidays.hpp">
      <Filter>Header Files</Filter>
    </ClInclude>
    <ClInclude Include="src\xl_clib_indexCurve.hpp">
      <Filter>Header Files</Filter>
    </ClInclude>
    <ClInclude Include="src\xl_clib_math.hpp">
      <Filter>Header Files</Filter>
    </ClInclude>
    <ClInclude Include="src\xl_clib_rates.hpp">
      <Filter>Header Files</Filter>
    </ClInclude>
    <ClInclude Include="src\xl_clib_version.hpp">
      <Filter>Header Files</Filter>
    </ClInclude>
    <ClInclude Include="src\xl_clib_zcBuild.hpp">
      <Filter>Header Files</Filter>
    </ClInclude>
    <ClInclude Include="src\xl_clib_zeroCurve.hpp">
      <Filter>Header Files</Filter>
    </ClInclude>
    <ClInclude Include="src\xll_clib_clib_decl_spec.h">
      <Filter>Header Files</Filter>
    </ClInclude>
  </ItemGroup>
  <ItemGroup>
    <None Include="Makefile" />
  </ItemGroup>
</Project>