
Microsoft Visual Studio Solution File, Format Version 12.00
# Visual Studio Version 16
VisualStudioVersion = 16.0.29001.49
MinimumVisualStudioVersion = 10.0.40219.1
Project("{2150E333-8FDC-42A3-9474-1A3956D46DE8}") = "libs", "libs", "{B3ED1A67-B3F2-4A16-B401-8CD15FFAA8B7}"
EndProject
Project("{2150E333-8FDC-42A3-9474-1A3956D46DE8}") = "clib", "clib", "{1D740100-A216-4A8B-BDA6-B51345167D56}"
EndProject
Project("{2150E333-8FDC-42A3-9474-1A3956D46DE8}") = "cpplib", "cpplib", "{7999A549-220F-463E-8CFA-87B9E3E13308}"
EndProject
Project("{8BC9CEB8-8B4A-11D0-8D11-00A0C91BC942}") = "all", "all.v16.vcxproj", "{CDE1C1CF-8F51-4A4A-B50E-CFBC4F054BBD}"
	ProjectSection(ProjectDependencies) = postProject
		{BB12441C-915E-11E9-BB45-34E12D458C69} = {BB12441C-915E-11E9-BB45-34E12D458C69}
		{BBC50A26-915E-11E9-8E4F-34E12D458C69} = {BBC50A26-915E-11E9-8E4F-34E12D458C69}
		{6F123942-10AB-11EB-ABA6-DCFE07D3132C} = {6F123942-10AB-11EB-ABA6-DCFE07D3132C}
		{10D26E58-915F-11E9-9659-34E12D458C69} = {10D26E58-915F-11E9-9659-34E12D458C69}
		{BAFA6E58-915E-11E9-ADEC-34E12D458C69} = {BAFA6E58-915E-11E9-ADEC-34E12D458C69}
		{5FF95064-109F-11EB-82B3-DCFE07D3132C} = {5FF95064-109F-11EB-82B3-DCFE07D3132C}
		{BBA60E76-915E-11E9-AE25-34E12D458C69} = {BBA60E76-915E-11E9-AE25-34E12D458C69}
		{A381A878-109F-11EB-A1C8-DCFE07D3132C} = {A381A878-109F-11EB-A1C8-DCFE07D3132C}
		{BADDD388-915E-11E9-9C37-34E12D458C69} = {BADDD388-915E-11E9-9C37-34E12D458C69}
		{BB84AF8A-915E-11E9-AE0E-34E12D458C69} = {BB84AF8A-915E-11E9-AE0E-34E12D458C69}
		{FFB8F6A2-109F-11EB-8C3B-DCFE07D3132C} = {FFB8F6A2-109F-11EB-8C3B-DCFE07D3132C}
		{104107A4-915F-11E9-909A-34E12D458C69} = {104107A4-915F-11E9-909A-34E12D458C69}
		{E5C560A6-109F-11EB-B563-DCFE07D3132C} = {E5C560A6-109F-11EB-B563-DCFE07D3132C}
		{D21700A8-109E-11EB-8275-DCFE07D3132C} = {D21700A8-109E-11EB-8275-DCFE07D3132C}
		{BB65B2EC-915E-11E9-9E70-34E12D458C69} = {BB65B2EC-915E-11E9-9E70-34E12D458C69}
		{BA87E9EE-915E-11E9-B444-34E12D458C69} = {BA87E9EE-915E-11E9-B444-34E12D458C69}
		{BBDA7EF4-915E-11E9-871F-34E12D458C69} = {BBDA7EF4-915E-11E9-871F-34E12D458C69}
		{BABED6F6-915E-11E9-BE2C-34E12D458C69} = {BABED6F6-915E-11E9-BE2C-34E12D458C69}
	EndProjectSection
EndProject
Project("{8BC9CEB8-8B4A-11D0-8D11-00A0C91BC942}") = "cppMaths", "libs\cpplib\maths\cppMaths.v16.vcxproj", "{E2E95B42-915E-11E9-B71E-34E12D458C69}"
EndProject
Project("{8BC9CEB8-8B4A-11D0-8D11-00A0C91BC942}") = "cppRates", "libs\cpplib\rates\cppRates.v16.vcxproj", "{E2FD6B64-915E-11E9-9EC1-34E12D458C69}"
EndProject
Project("{8BC9CEB8-8B4A-11D0-8D11-00A0C91BC942}") = "cppUtils", "libs\cpplib\utils\cppUtils.v16.vcxproj", "{E2CAC0C6-915E-11E9-9B6B-34E12D458C69}"
EndProject
Project("{8BC9CEB8-8B4A-11D0-8D11-00A0C91BC942}") = "isda-cds", "libs\isda-cds\isda-cds.v16.vcxproj", "{E2201E2E-915E-11E9-84A1-34E12D458C69}"
EndProject
Project("{8BC9CEB8-8B4A-11D0-8D11-00A0C91BC942}") = "isdaErrorHandler", "libs\isda-cds\errorHandler\isdaErrorHandler.v16.vcxproj", "{E2411B58-915E-11E9-8819-34E12D458C69}"
EndProject
Project("{8BC9CEB8-8B4A-11D0-8D11-00A0C91BC942}") = "isda-clib", "libs\isda-clib\isda-clib.v16.vcxproj", "{E266DC4A-915E-11E9-86A8-34E12D458C69}"
EndProject
Project("{8BC9CEB8-8B4A-11D0-8D11-00A0C91BC942}") = "cpplib-config", "product\cpplib\config\cpplib-config.v16.vcxproj", "{BB2555DE-915E-11E9-A149-34E12D458C69}"
EndProject
Project("{8BC9CEB8-8B4A-11D0-8D11-00A0C91BC942}") = "cpplib-spi", "product\cpplib\cpplib-spi\cpplib-spi.v16.vcxproj", "{BB49184C-915E-11E9-A118-34E12D458C69}"
	ProjectSection(ProjectDependencies) = postProject
		{BB2555DE-915E-11E9-A149-34E12D458C69} = {BB2555DE-915E-11E9-A149-34E12D458C69}
	EndProjectSection
EndProject
Project("{8BC9CEB8-8B4A-11D0-8D11-00A0C91BC942}") = "cpplib-dll", "product\cpplib\dll\cpplib-dll.v16.vcxproj", "{BB65B2EC-915E-11E9-9E70-34E12D458C69}"
	ProjectSection(ProjectDependencies) = postProject
		{E2E95B42-915E-11E9-B71E-34E12D458C69} = {E2E95B42-915E-11E9-B71E-34E12D458C69}
		{BB49184C-915E-11E9-A118-34E12D458C69} = {BB49184C-915E-11E9-A118-34E12D458C69}
		{E2FD6B64-915E-11E9-9EC1-34E12D458C69} = {E2FD6B64-915E-11E9-9EC1-34E12D458C69}
		{E2CAC0C6-915E-11E9-9B6B-34E12D458C69} = {E2CAC0C6-915E-11E9-9B6B-34E12D458C69}
		{BB2555DE-915E-11E9-A149-34E12D458C69} = {BB2555DE-915E-11E9-A149-34E12D458C69}
	EndProjectSection
EndProject
Project("{8BC9CEB8-8B4A-11D0-8D11-00A0C91BC942}") = "cpplib-doc", "product\cpplib\doc\cpplib-doc.v16.vcxproj", "{10D26E58-915F-11E9-9659-34E12D458C69}"
	ProjectSection(ProjectDependencies) = postProject
		{BB2555DE-915E-11E9-A149-34E12D458C69} = {BB2555DE-915E-11E9-A149-34E12D458C69}
	EndProjectSection
EndProject
Project("{8BC9CEB8-8B4A-11D0-8D11-00A0C91BC942}") = "cpplib-dotnet", "product\cpplib\dotnet\cpplib-dotnet.v16.vcxproj", "{BBDA7EF4-915E-11E9-871F-34E12D458C69}"
	ProjectSection(ProjectDependencies) = postProject
		{BB65B2EC-915E-11E9-9E70-34E12D458C69} = {BB65B2EC-915E-11E9-9E70-34E12D458C69}
	EndProjectSection
EndProject
Project("{8BC9CEB8-8B4A-11D0-8D11-00A0C91BC942}") = "cpplib-excel", "product\cpplib\excel\cpplib-excel.v16.vcxproj", "{BBC50A26-915E-11E9-8E4F-34E12D458C69}"
	ProjectSection(ProjectDependencies) = postProject
		{10D26E58-915F-11E9-9659-34E12D458C69} = {10D26E58-915F-11E9-9659-34E12D458C69}
		{BB65B2EC-915E-11E9-9E70-34E12D458C69} = {BB65B2EC-915E-11E9-9E70-34E12D458C69}
	EndProjectSection
EndProject
Project("{8BC9CEB8-8B4A-11D0-8D11-00A0C91BC942}") = "cpplib-python", "product\cpplib\python\cpplib-python.v16.vcxproj", "{BB84AF8A-915E-11E9-AE0E-34E12D458C69}"
	ProjectSection(ProjectDependencies) = postProject
		{BB65B2EC-915E-11E9-9E70-34E12D458C69} = {BB65B2EC-915E-11E9-9E70-34E12D458C69}
	EndProjectSection
EndProject
Project("{8BC9CEB8-8B4A-11D0-8D11-00A0C91BC942}") = "cpplib-python-install", "product\cpplib\python\cpplib-python-install.v16.vcxproj", "{345F7AA2-9160-11E9-8983-34E12D458C69}"
	ProjectSection(ProjectDependencies) = postProject
		{BB84AF8A-915E-11E9-AE0E-34E12D458C69} = {BB84AF8A-915E-11E9-AE0E-34E12D458C69}
	EndProjectSection
EndProject
Project("{8BC9CEB8-8B4A-11D0-8D11-00A0C91BC942}") = "cpplib-replay", "product\cpplib\replay\cpplib-replay.v16.vcxproj", "{BBA60E76-915E-11E9-AE25-34E12D458C69}"
	ProjectSection(ProjectDependencies) = postProject
		{BB65B2EC-915E-11E9-9E70-34E12D458C69} = {BB65B2EC-915E-11E9-9E70-34E12D458C69}
	EndProjectSection
EndProject
Project("{8BC9CEB8-8B4A-11D0-8D11-00A0C91BC942}") = "cpplib-regression-test", "product\cpplib\test\regression\cpplib-regression-test.v16.vcxproj", "{7A2BE376-915F-11E9-B5EF-34E12D458C69}"
	ProjectSection(ProjectDependencies) = postProject
		{BB84AF8A-915E-11E9-AE0E-34E12D458C69} = {BB84AF8A-915E-11E9-AE0E-34E12D458C69}
	EndProjectSection
EndProject
Project("{8BC9CEB8-8B4A-11D0-8D11-00A0C91BC942}") = "clib-config", "product\clib\config\clib-config.v16.vcxproj", "{BA68ED5A-915E-11E9-86D7-34E12D458C69}"
EndProject
Project("{8BC9CEB8-8B4A-11D0-8D11-00A0C91BC942}") = "clib-dll", "product\clib\dll\clib-dll.v16.vcxproj", "{BA87E9EE-915E-11E9-B444-34E12D458C69}"
	ProjectSection(ProjectDependencies) = postProject
		{E2201E2E-915E-11E9-84A1-34E12D458C69} = {E2201E2E-915E-11E9-84A1-34E12D458C69}
		{E266DC4A-915E-11E9-86A8-34E12D458C69} = {E266DC4A-915E-11E9-86A8-34E12D458C69}
		{E2411B58-915E-11E9-8819-34E12D458C69} = {E2411B58-915E-11E9-8819-34E12D458C69}
		{BA68ED5A-915E-11E9-86D7-34E12D458C69} = {BA68ED5A-915E-11E9-86D7-34E12D458C69}
	EndProjectSection
EndProject
Project("{8BC9CEB8-8B4A-11D0-8D11-00A0C91BC942}") = "clib-doc", "product\clib\doc\clib-doc.v16.vcxproj", "{104107A4-915F-11E9-909A-34E12D458C69}"
	ProjectSection(ProjectDependencies) = postProject
		{BA68ED5A-915E-11E9-86D7-34E12D458C69} = {BA68ED5A-915E-11E9-86D7-34E12D458C69}
	EndProjectSection
EndProject
Project("{8BC9CEB8-8B4A-11D0-8D11-00A0C91BC942}") = "clib-dotnet", "product\clib\dotnet\clib-dotnet.v16.vcxproj", "{BB12441C-915E-11E9-BB45-34E12D458C69}"
	ProjectSection(ProjectDependencies) = postProject
		{BA87E9EE-915E-11E9-B444-34E12D458C69} = {BA87E9EE-915E-11E9-B444-34E12D458C69}
	EndProjectSection
EndProject
Project("{8BC9CEB8-8B4A-11D0-8D11-00A0C91BC942}") = "clib-excel", "product\clib\excel\clib-excel.v16.vcxproj", "{BAFA6E58-915E-11E9-ADEC-34E12D458C69}"
	ProjectSection(ProjectDependencies) = postProject
		{BA87E9EE-915E-11E9-B444-34E12D458C69} = {BA87E9EE-915E-11E9-B444-34E12D458C69}
	EndProjectSection
EndProject
Project("{8BC9CEB8-8B4A-11D0-8D11-00A0C91BC942}") = "clib-python", "product\clib\python\clib-python.v16.vcxproj", "{BABED6F6-915E-11E9-BE2C-34E12D458C69}"
	ProjectSection(ProjectDependencies) = postProject
		{BA87E9EE-915E-11E9-B444-34E12D458C69} = {BA87E9EE-915E-11E9-B444-34E12D458C69}
	EndProjectSection
EndProject
Project("{8BC9CEB8-8B4A-11D0-8D11-00A0C91BC942}") = "clib-python-install", "product\clib\python\clib-python-install.v16.vcxproj", "{335E0D6E-9160-11E9-97D8-34E12D458C69}"
	ProjectSection(ProjectDependencies) = postProject
		{BABED6F6-915E-11E9-BE2C-34E12D458C69} = {BABED6F6-915E-11E9-BE2C-34E12D458C69}
	EndProjectSection
EndProject
Project("{8BC9CEB8-8B4A-11D0-8D11-00A0C91BC942}") = "clib-replay", "product\clib\replay\clib-replay.v16.vcxproj", "{BADDD388-915E-11E9-9C37-34E12D458C69}"
	ProjectSection(ProjectDependencies) = postProject
		{BA87E9EE-915E-11E9-B444-34E12D458C69} = {BA87E9EE-915E-11E9-B444-34E12D458C69}
	EndProjectSection
EndProject
Project("{8BC9CEB8-8B4A-11D0-8D11-00A0C91BC942}") = "clib-regression-test", "product\clib\test\regression\clib-regression-test.v16.vcxproj", "{703195B0-915F-11E9-B4FF-34E12D458C69}"
	ProjectSection(ProjectDependencies) = postProject
		{BABED6F6-915E-11E9-BE2C-34E12D458C69} = {BABED6F6-915E-11E9-BE2C-34E12D458C69}
	EndProjectSection
EndProject
Project("{8BC9CEB8-8B4A-11D0-8D11-00A0C91BC942}") = "qlLite", "libs\qlLite\qlLite.v16.vcxproj", "{FAB7A38C-1092-11EB-850E-DCFE07D3132C}"
EndProject
Project("{2150E333-8FDC-42A3-9474-1A3956D46DE8}") = "ql", "ql", "{2B271DC0-FC02-4E2C-8B5A-7D94FC1500D4}"
EndProject
Project("{8BC9CEB8-8B4A-11D0-8D11-00A0C91BC942}") = "ql-config", "product\ql\config\ql-config.v16.vcxproj", "{B2598BDC-109E-11EB-877B-DCFE07D3132C}"
EndProject
Project("{8BC9CEB8-8B4A-11D0-8D11-00A0C91BC942}") = "ql-doc", "product\ql\doc\ql-doc.v16.vcxproj", "{A381A878-109F-11EB-A1C8-DCFE07D3132C}"
	ProjectSection(ProjectDependencies) = postProject
		{B2598BDC-109E-11EB-877B-DCFE07D3132C} = {B2598BDC-109E-11EB-877B-DCFE07D3132C}
	EndProjectSection
EndProject
Project("{8BC9CEB8-8B4A-11D0-8D11-00A0C91BC942}") = "ql-dll", "product\ql\dll\ql-dll.v16.vcxproj", "{D21700A8-109E-11EB-8275-DCFE07D3132C}"
	ProjectSection(ProjectDependencies) = postProject
		{FAB7A38C-1092-11EB-850E-DCFE07D3132C} = {FAB7A38C-1092-11EB-850E-DCFE07D3132C}
		{B2598BDC-109E-11EB-877B-DCFE07D3132C} = {B2598BDC-109E-11EB-877B-DCFE07D3132C}
	EndProjectSection
EndProject
Project("{8BC9CEB8-8B4A-11D0-8D11-00A0C91BC942}") = "ql-dotnet", "product\ql\dotnet\ql-dotnet.v16.vcxproj", "{FFB8F6A2-109F-11EB-8C3B-DCFE07D3132C}"
	ProjectSection(ProjectDependencies) = postProject
		{D21700A8-109E-11EB-8275-DCFE07D3132C} = {D21700A8-109E-11EB-8275-DCFE07D3132C}
	EndProjectSection
EndProject
Project("{8BC9CEB8-8B4A-11D0-8D11-00A0C91BC942}") = "ql-excel", "product\ql\excel\ql-excel.v16.vcxproj", "{6F123942-10AB-11EB-ABA6-DCFE07D3132C}"
	ProjectSection(ProjectDependencies) = postProject
		{D21700A8-109E-11EB-8275-DCFE07D3132C} = {D21700A8-109E-11EB-8275-DCFE07D3132C}
	EndProjectSection
EndProject
Project("{8BC9CEB8-8B4A-11D0-8D11-00A0C91BC942}") = "ql-python", "product\ql\python\ql-python.v16.vcxproj", "{5FF95064-109F-11EB-82B3-DCFE07D3132C}"
	ProjectSection(ProjectDependencies) = postProject
		{D21700A8-109E-11EB-8275-DCFE07D3132C} = {D21700A8-109E-11EB-8275-DCFE07D3132C}
	EndProjectSection
EndProject
Project("{8BC9CEB8-8B4A-11D0-8D11-00A0C91BC942}") = "ql-replay", "product\ql\replay\ql-replay.v16.vcxproj", "{E5C560A6-109F-11EB-B563-DCFE07D3132C}"
	ProjectSection(ProjectDependencies) = postProject
		{D21700A8-109E-11EB-8275-DCFE07D3132C} = {D21700A8-109E-11EB-8275-DCFE07D3132C}
	EndProjectSection
EndProject
Project("{8BC9CEB8-8B4A-11D0-8D11-00A0C91BC942}") = "ql-python-install", "product\ql\python\ql-python-install.v16.vcxproj", "{5FD7B46C-109F-11EB-A75F-DCFE07D3132C}"
	ProjectSection(ProjectDependencies) = postProject
		{5FF95064-109F-11EB-82B3-DCFE07D3132C} = {5FF95064-109F-11EB-82B3-DCFE07D3132C}
	EndProjectSection
EndProject
Global
	GlobalSection(SolutionConfigurationPlatforms) = preSolution
		Debug|Win32 = Debug|Win32
		Debug|x64 = Debug|x64
		Debug|x86 = Debug|x86
		Release|Win32 = Release|Win32
		Release|x64 = Release|x64
		Release|x86 = Release|x86
	EndGlobalSection
	GlobalSection(ProjectConfigurationPlatforms) = postSolution
		{CDE1C1CF-8F51-4A4A-B50E-CFBC4F054BBD}.Debug|Win32.ActiveCfg = Debug|Win32
		{CDE1C1CF-8F51-4A4A-B50E-CFBC4F054BBD}.Debug|Win32.Build.0 = Debug|Win32
		{CDE1C1CF-8F51-4A4A-B50E-CFBC4F054BBD}.Debug|x64.ActiveCfg = Debug|x64
		{CDE1C1CF-8F51-4A4A-B50E-CFBC4F054BBD}.Debug|x64.Build.0 = Debug|x64
		{CDE1C1CF-8F51-4A4A-B50E-CFBC4F054BBD}.Debug|x86.ActiveCfg = Debug|Win32
		{CDE1C1CF-8F51-4A4A-B50E-CFBC4F054BBD}.Debug|x86.Build.0 = Debug|Win32
		{CDE1C1CF-8F51-4A4A-B50E-CFBC4F054BBD}.Release|Win32.ActiveCfg = Release|Win32
		{CDE1C1CF-8F51-4A4A-B50E-CFBC4F054BBD}.Release|Win32.Build.0 = Release|Win32
		{CDE1C1CF-8F51-4A4A-B50E-CFBC4F054BBD}.Release|x64.ActiveCfg = Release|x64
		{CDE1C1CF-8F51-4A4A-B50E-CFBC4F054BBD}.Release|x64.Build.0 = Release|x64
		{CDE1C1CF-8F51-4A4A-B50E-CFBC4F054BBD}.Release|x86.ActiveCfg = Release|Win32
		{CDE1C1CF-8F51-4A4A-B50E-CFBC4F054BBD}.Release|x86.Build.0 = Release|Win32
		{E2E95B42-915E-11E9-B71E-34E12D458C69}.Debug|Win32.ActiveCfg = Debug|Win32
		{E2E95B42-915E-11E9-B71E-34E12D458C69}.Debug|Win32.Build.0 = Debug|Win32
		{E2E95B42-915E-11E9-B71E-34E12D458C69}.Debug|x64.ActiveCfg = Debug|x64
		{E2E95B42-915E-11E9-B71E-34E12D458C69}.Debug|x64.Build.0 = Debug|x64
		{E2E95B42-915E-11E9-B71E-34E12D458C69}.Debug|x86.ActiveCfg = Debug|Win32
		{E2E95B42-915E-11E9-B71E-34E12D458C69}.Debug|x86.Build.0 = Debug|Win32
		{E2E95B42-915E-11E9-B71E-34E12D458C69}.Release|Win32.ActiveCfg = Release|Win32
		{E2E95B42-915E-11E9-B71E-34E12D458C69}.Release|Win32.Build.0 = Release|Win32
		{E2E95B42-915E-11E9-B71E-34E12D458C69}.Release|x64.ActiveCfg = Release|x64
		{E2E95B42-915E-11E9-B71E-34E12D458C69}.Release|x64.Build.0 = Release|x64
		{E2E95B42-915E-11E9-B71E-34E12D458C69}.Release|x86.ActiveCfg = Release|Win32
		{E2E95B42-915E-11E9-B71E-34E12D458C69}.Release|x86.Build.0 = Release|Win32
		{E2FD6B64-915E-11E9-9EC1-34E12D458C69}.Debug|Win32.ActiveCfg = Debug|Win32
		{E2FD6B64-915E-11E9-9EC1-34E12D458C69}.Debug|Win32.Build.0 = Debug|Win32
		{E2FD6B64-915E-11E9-9EC1-34E12D458C69}.Debug|x64.ActiveCfg = Debug|x64
		{E2FD6B64-915E-11E9-9EC1-34E12D458C69}.Debug|x64.Build.0 = Debug|x64
		{E2FD6B64-915E-11E9-9EC1-34E12D458C69}.Debug|x86.ActiveCfg = Debug|Win32
		{E2FD6B64-915E-11E9-9EC1-34E12D458C69}.Debug|x86.Build.0 = Debug|Win32
		{E2FD6B64-915E-11E9-9EC1-34E12D458C69}.Release|Win32.ActiveCfg = Release|Win32
		{E2FD6B64-915E-11E9-9EC1-34E12D458C69}.Release|Win32.Build.0 = Release|Win32
		{E2FD6B64-915E-11E9-9EC1-34E12D458C69}.Release|x64.ActiveCfg = Release|x64
		{E2FD6B64-915E-11E9-9EC1-34E12D458C69}.Release|x64.Build.0 = Release|x64
		{E2FD6B64-915E-11E9-9EC1-34E12D458C69}.Release|x86.ActiveCfg = Release|Win32
		{E2FD6B64-915E-11E9-9EC1-34E12D458C69}.Release|x86.Build.0 = Release|Win32
		{E2CAC0C6-915E-11E9-9B6B-34E12D458C69}.Debug|Win32.ActiveCfg = Debug|Win32
		{E2CAC0C6-915E-11E9-9B6B-34E12D458C69}.Debug|Win32.Build.0 = Debug|Win32
		{E2CAC0C6-915E-11E9-9B6B-34E12D458C69}.Debug|x64.ActiveCfg = Debug|x64
		{E2CAC0C6-915E-11E9-9B6B-34E12D458C69}.Debug|x64.Build.0 = Debug|x64
		{E2CAC0C6-915E-11E9-9B6B-34E12D458C69}.Debug|x86.ActiveCfg = Debug|Win32
		{E2CAC0C6-915E-11E9-9B6B-34E12D458C69}.Debug|x86.Build.0 = Debug|Win32
		{E2CAC0C6-915E-11E9-9B6B-34E12D458C69}.Release|Win32.ActiveCfg = Release|Win32
		{E2CAC0C6-915E-11E9-9B6B-34E12D458C69}.Release|Win32.Build.0 = Release|Win32
		{E2CAC0C6-915E-11E9-9B6B-34E12D458C69}.Release|x64.ActiveCfg = Release|x64
		{E2CAC0C6-915E-11E9-9B6B-34E12D458C69}.Release|x64.Build.0 = Release|x64
		{E2CAC0C6-915E-11E9-9B6B-34E12D458C69}.Release|x86.ActiveCfg = Release|Win32
		{E2CAC0C6-915E-11E9-9B6B-34E12D458C69}.Release|x86.Build.0 = Release|Win32
		{E2201E2E-915E-11E9-84A1-34E12D458C69}.Debug|Win32.ActiveCfg = Debug|Win32
		{E2201E2E-915E-11E9-84A1-34E12D458C69}.Debug|Win32.Build.0 = Debug|Win32
		{E2201E2E-915E-11E9-84A1-34E12D458C69}.Debug|x64.ActiveCfg = Debug|x64
		{E2201E2E-915E-11E9-84A1-34E12D458C69}.Debug|x64.Build.0 = Debug|x64
		{E2201E2E-915E-11E9-84A1-34E12D458C69}.Debug|x86.ActiveCfg = Debug|Win32
		{E2201E2E-915E-11E9-84A1-34E12D458C69}.Debug|x86.Build.0 = Debug|Win32
		{E2201E2E-915E-11E9-84A1-34E12D458C69}.Release|Win32.ActiveCfg = Release|Win32
		{E2201E2E-915E-11E9-84A1-34E12D458C69}.Release|Win32.Build.0 = Release|Win32
		{E2201E2E-915E-11E9-84A1-34E12D458C69}.Release|x64.ActiveCfg = Release|x64
		{E2201E2E-915E-11E9-84A1-34E12D458C69}.Release|x64.Build.0 = Release|x64
		{E2201E2E-915E-11E9-84A1-34E12D458C69}.Release|x86.ActiveCfg = Release|Win32
		{E2201E2E-915E-11E9-84A1-34E12D458C69}.Release|x86.Build.0 = Release|Win32
		{E2411B58-915E-11E9-8819-34E12D458C69}.Debug|Win32.ActiveCfg = Debug|Win32
		{E2411B58-915E-11E9-8819-34E12D458C69}.Debug|Win32.Build.0 = Debug|Win32
		{E2411B58-915E-11E9-8819-34E12D458C69}.Debug|x64.ActiveCfg = Debug|x64
		{E2411B58-915E-11E9-8819-34E12D458C69}.Debug|x64.Build.0 = Debug|x64
		{E2411B58-915E-11E9-8819-34E12D458C69}.Debug|x86.ActiveCfg = Debug|Win32
		{E2411B58-915E-11E9-8819-34E12D458C69}.Debug|x86.Build.0 = Debug|Win32
		{E2411B58-915E-11E9-8819-34E12D458C69}.Release|Win32.ActiveCfg = Release|Win32
		{E2411B58-915E-11E9-8819-34E12D458C69}.Release|Win32.Build.0 = Release|Win32
		{E2411B58-915E-11E9-8819-34E12D458C69}.Release|x64.ActiveCfg = Release|x64
		{E2411B58-915E-11E9-8819-34E12D458C69}.Release|x64.Build.0 = Release|x64
		{E2411B58-915E-11E9-8819-34E12D458C69}.Release|x86.ActiveCfg = Release|Win32
		{E2411B58-915E-11E9-8819-34E12D458C69}.Release|x86.Build.0 = Release|Win32
		{E266DC4A-915E-11E9-86A8-34E12D458C69}.Debug|Win32.ActiveCfg = Debug|Win32
		{E266DC4A-915E-11E9-86A8-34E12D458C69}.Debug|Win32.Build.0 = Debug|Win32
		{E266DC4A-915E-11E9-86A8-34E12D458C69}.Debug|x64.ActiveCfg = Debug|x64
		{E266DC4A-915E-11E9-86A8-34E12D458C69}.Debug|x64.Build.0 = Debug|x64
		{E266DC4A-915E-11E9-86A8-34E12D458C69}.Debug|x86.ActiveCfg = Debug|Win32
		{E266DC4A-915E-11E9-86A8-34E12D458C69}.Debug|x86.Build.0 = Debug|Win32
		{E266DC4A-915E-11E9-86A8-34E12D458C69}.Release|Win32.ActiveCfg = Release|Win32
		{E266DC4A-915E-11E9-86A8-34E12D458C69}.Release|Win32.Build.0 = Release|Win32
		{E266DC4A-915E-11E9-86A8-34E12D458C69}.Release|x64.ActiveCfg = Release|x64
		{E266DC4A-915E-11E9-86A8-34E12D458C69}.Release|x64.Build.0 = Release|x64
		{E266DC4A-915E-11E9-86A8-34E12D458C69}.Release|x86.ActiveCfg = Release|Win32
		{E266DC4A-915E-11E9-86A8-34E12D458C69}.Release|x86.Build.0 = Release|Win32
		{BB2555DE-915E-11E9-A149-34E12D458C69}.Debug|Win32.ActiveCfg = Debug|Win32
		{BB2555DE-915E-11E9-A149-34E12D458C69}.Debug|Win32.Build.0 = Debug|Win32
		{BB2555DE-915E-11E9-A149-34E12D458C69}.Debug|x64.ActiveCfg = Debug|x64
		{BB2555DE-915E-11E9-A149-34E12D458C69}.Debug|x64.Build.0 = Debug|x64
		{BB2555DE-915E-11E9-A149-34E12D458C69}.Debug|x86.ActiveCfg = Debug|Win32
		{BB2555DE-915E-11E9-A149-34E12D458C69}.Debug|x86.Build.0 = Debug|Win32
		{BB2555DE-915E-11E9-A149-34E12D458C69}.Release|Win32.ActiveCfg = Release|Win32
		{BB2555DE-915E-11E9-A149-34E12D458C69}.Release|Win32.Build.0 = Release|Win32
		{BB2555DE-915E-11E9-A149-34E12D458C69}.Release|x64.ActiveCfg = Release|x64
		{BB2555DE-915E-11E9-A149-34E12D458C69}.Release|x64.Build.0 = Release|x64
		{BB2555DE-915E-11E9-A149-34E12D458C69}.Release|x86.ActiveCfg = Release|Win32
		{BB2555DE-915E-11E9-A149-34E12D458C69}.Release|x86.Build.0 = Release|Win32
		{BB49184C-915E-11E9-A118-34E12D458C69}.Debug|Win32.ActiveCfg = Debug|Win32
		{BB49184C-915E-11E9-A118-34E12D458C69}.Debug|Win32.Build.0 = Debug|Win32
		{BB49184C-915E-11E9-A118-34E12D458C69}.Debug|x64.ActiveCfg = Debug|x64
		{BB49184C-915E-11E9-A118-34E12D458C69}.Debug|x64.Build.0 = Debug|x64
		{BB49184C-915E-11E9-A118-34E12D458C69}.Debug|x86.ActiveCfg = Debug|Win32
		{BB49184C-915E-11E9-A118-34E12D458C69}.Debug|x86.Build.0 = Debug|Win32
		{BB49184C-915E-11E9-A118-34E12D458C69}.Release|Win32.ActiveCfg = Release|Win32
		{BB49184C-915E-11E9-A118-34E12D458C69}.Release|Win32.Build.0 = Release|Win32
		{BB49184C-915E-11E9-A118-34E12D458C69}.Release|x64.ActiveCfg = Release|x64
		{BB49184C-915E-11E9-A118-34E12D458C69}.Release|x64.Build.0 = Release|x64
		{BB49184C-915E-11E9-A118-34E12D458C69}.Release|x86.ActiveCfg = Release|Win32
		{BB49184C-915E-11E9-A118-34E12D458C69}.Release|x86.Build.0 = Release|Win32
		{BB65B2EC-915E-11E9-9E70-34E12D458C69}.Debug|Win32.ActiveCfg = Debug|Win32
		{BB65B2EC-915E-11E9-9E70-34E12D458C69}.Debug|Win32.Build.0 = Debug|Win32
		{BB65B2EC-915E-11E9-9E70-34E12D458C69}.Debug|x64.ActiveCfg = Debug|x64
		{BB65B2EC-915E-11E9-9E70-34E12D458C69}.Debug|x64.Build.0 = Debug|x64
		{BB65B2EC-915E-11E9-9E70-34E12D458C69}.Debug|x86.ActiveCfg = Debug|Win32
		{BB65B2EC-915E-11E9-9E70-34E12D458C69}.Debug|x86.Build.0 = Debug|Win32
		{BB65B2EC-915E-11E9-9E70-34E12D458C69}.Release|Win32.ActiveCfg = Release|Win32
		{BB65B2EC-915E-11E9-9E70-34E12D458C69}.Release|Win32.Build.0 = Release|Win32
		{BB65B2EC-915E-11E9-9E70-34E12D458C69}.Release|x64.ActiveCfg = Release|x64
		{BB65B2EC-915E-11E9-9E70-34E12D458C69}.Release|x64.Build.0 = Release|x64
		{BB65B2EC-915E-11E9-9E70-34E12D458C69}.Release|x86.ActiveCfg = Release|Win32
		{BB65B2EC-915E-11E9-9E70-34E12D458C69}.Release|x86.Build.0 = Release|Win32
		{10D26E58-915F-11E9-9659-34E12D458C69}.Debug|Win32.ActiveCfg = Debug|Win32
		{10D26E58-915F-11E9-9659-34E12D458C69}.Debug|Win32.Build.0 = Debug|Win32
		{10D26E58-915F-11E9-9659-34E12D458C69}.Debug|x64.ActiveCfg = Debug|x64
		{10D26E58-915F-11E9-9659-34E12D458C69}.Debug|x64.Build.0 = Debug|x64
		{10D26E58-915F-11E9-9659-34E12D458C69}.Debug|x86.ActiveCfg = Debug|Win32
		{10D26E58-915F-11E9-9659-34E12D458C69}.Debug|x86.Build.0 = Debug|Win32
		{10D26E58-915F-11E9-9659-34E12D458C69}.Release|Win32.ActiveCfg = Release|Win32
		{10D26E58-915F-11E9-9659-34E12D458C69}.Release|Win32.Build.0 = Release|Win32
		{10D26E58-915F-11E9-9659-34E12D458C69}.Release|x64.ActiveCfg = Release|x64
		{10D26E58-915F-11E9-9659-34E12D458C69}.Release|x64.Build.0 = Release|x64
		{10D26E58-915F-11E9-9659-34E12D458C69}.Release|x86.ActiveCfg = Release|Win32
		{10D26E58-915F-11E9-9659-34E12D458C69}.Release|x86.Build.0 = Release|Win32
		{BBDA7EF4-915E-11E9-871F-34E12D458C69}.Debug|Win32.ActiveCfg = Debug|Win32
		{BBDA7EF4-915E-11E9-871F-34E12D458C69}.Debug|Win32.Build.0 = Debug|Win32
		{BBDA7EF4-915E-11E9-871F-34E12D458C69}.Debug|x64.ActiveCfg = Debug|x64
		{BBDA7EF4-915E-11E9-871F-34E12D458C69}.Debug|x64.Build.0 = Debug|x64
		{BBDA7EF4-915E-11E9-871F-34E12D458C69}.Debug|x86.ActiveCfg = Debug|Win32
		{BBDA7EF4-915E-11E9-871F-34E12D458C69}.Debug|x86.Build.0 = Debug|Win32
		{BBDA7EF4-915E-11E9-871F-34E12D458C69}.Release|Win32.ActiveCfg = Release|Win32
		{BBDA7EF4-915E-11E9-871F-34E12D458C69}.Release|Win32.Build.0 = Release|Win32
		{BBDA7EF4-915E-11E9-871F-34E12D458C69}.Release|x64.ActiveCfg = Release|x64
		{BBDA7EF4-915E-11E9-871F-34E12D458C69}.Release|x64.Build.0 = Release|x64
		{BBDA7EF4-915E-11E9-871F-34E12D458C69}.Release|x86.ActiveCfg = Release|Win32
		{BBDA7EF4-915E-11E9-871F-34E12D458C69}.Release|x86.Build.0 = Release|Win32
		{BBC50A26-915E-11E9-8E4F-34E12D458C69}.Debug|Win32.ActiveCfg = Debug|Win32
		{BBC50A26-915E-11E9-8E4F-34E12D458C69}.Debug|Win32.Build.0 = Debug|Win32
		{BBC50A26-915E-11E9-8E4F-34E12D458C69}.Debug|x64.ActiveCfg = Debug|x64
		{BBC50A26-915E-11E9-8E4F-34E12D458C69}.Debug|x64.Build.0 = Debug|x64
		{BBC50A26-915E-11E9-8E4F-34E12D458C69}.Debug|x86.ActiveCfg = Debug|Win32
		{BBC50A26-915E-11E9-8E4F-34E12D458C69}.Debug|x86.Build.0 = Debug|Win32
		{BBC50A26-915E-11E9-8E4F-34E12D458C69}.Release|Win32.ActiveCfg = Release|Win32
		{BBC50A26-915E-11E9-8E4F-34E12D458C69}.Release|Win32.Build.0 = Release|Win32
		{BBC50A26-915E-11E9-8E4F-34E12D458C69}.Release|x64.ActiveCfg = Release|x64
		{BBC50A26-915E-11E9-8E4F-34E12D458C69}.Release|x64.Build.0 = Release|x64
		{BBC50A26-915E-11E9-8E4F-34E12D458C69}.Release|x86.ActiveCfg = Release|Win32
		{BBC50A26-915E-11E9-8E4F-34E12D458C69}.Release|x86.Build.0 = Release|Win32
		{BB84AF8A-915E-11E9-AE0E-34E12D458C69}.Debug|Win32.ActiveCfg = Debug|Win32
		{BB84AF8A-915E-11E9-AE0E-34E12D458C69}.Debug|Win32.Build.0 = Debug|Win32
		{BB84AF8A-915E-11E9-AE0E-34E12D458C69}.Debug|x64.ActiveCfg = Debug|x64
		{BB84AF8A-915E-11E9-AE0E-34E12D458C69}.Debug|x64.Build.0 = Debug|x64
		{BB84AF8A-915E-11E9-AE0E-34E12D458C69}.Debug|x86.ActiveCfg = Debug|Win32
		{BB84AF8A-915E-11E9-AE0E-34E12D458C69}.Debug|x86.Build.0 = Debug|Win32
		{BB84AF8A-915E-11E9-AE0E-34E12D458C69}.Release|Win32.ActiveCfg = Release|Win32
		{BB84AF8A-915E-11E9-AE0E-34E12D458C69}.Release|Win32.Build.0 = Release|Win32
		{BB84AF8A-915E-11E9-AE0E-34E12D458C69}.Release|x64.ActiveCfg = Release|x64
		{BB84AF8A-915E-11E9-AE0E-34E12D458C69}.Release|x64.Build.0 = Release|x64
		{BB84AF8A-915E-11E9-AE0E-34E12D458C69}.Release|x86.ActiveCfg = Release|Win32
		{BB84AF8A-915E-11E9-AE0E-34E12D458C69}.Release|x86.Build.0 = Release|Win32
		{345F7AA2-9160-11E9-8983-34E12D458C69}.Debug|Win32.ActiveCfg = Debug|Win32
		{345F7AA2-9160-11E9-8983-34E12D458C69}.Debug|Win32.Build.0 = Debug|Win32
		{345F7AA2-9160-11E9-8983-34E12D458C69}.Debug|x64.ActiveCfg = Debug|x64
		{345F7AA2-9160-11E9-8983-34E12D458C69}.Debug|x64.Build.0 = Debug|x64
		{345F7AA2-9160-11E9-8983-34E12D458C69}.Debug|x86.ActiveCfg = Debug|Win32
		{345F7AA2-9160-11E9-8983-34E12D458C69}.Debug|x86.Build.0 = Debug|Win32
		{345F7AA2-9160-11E9-8983-34E12D458C69}.Release|Win32.ActiveCfg = Release|Win32
		{345F7AA2-9160-11E9-8983-34E12D458C69}.Release|Win32.Build.0 = Release|Win32
		{345F7AA2-9160-11E9-8983-34E12D458C69}.Release|x64.ActiveCfg = Release|x64
		{345F7AA2-9160-11E9-8983-34E12D458C69}.Release|x64.Build.0 = Release|x64
		{345F7AA2-9160-11E9-8983-34E12D458C69}.Release|x86.ActiveCfg = Release|Win32
		{345F7AA2-9160-11E9-8983-34E12D458C69}.Release|x86.Build.0 = Release|Win32
		{BBA60E76-915E-11E9-AE25-34E12D458C69}.Debug|Win32.ActiveCfg = Debug|Win32
		{BBA60E76-915E-11E9-AE25-34E12D458C69}.Debug|Win32.Build.0 = Debug|Win32
		{BBA60E76-915E-11E9-AE25-34E12D458C69}.Debug|x64.ActiveCfg = Debug|x64
		{BBA60E76-915E-11E9-AE25-34E12D458C69}.Debug|x64.Build.0 = Debug|x64
		{BBA60E76-915E-11E9-AE25-34E12D458C69}.Debug|x86.ActiveCfg = Debug|Win32
		{BBA60E76-915E-11E9-AE25-34E12D458C69}.Debug|x86.Build.0 = Debug|Win32
		{BBA60E76-915E-11E9-AE25-34E12D458C69}.Release|Win32.ActiveCfg = Release|Win32
		{BBA60E76-915E-11E9-AE25-34E12D458C69}.Release|Win32.Build.0 = Release|Win32
		{BBA60E76-915E-11E9-AE25-34E12D458C69}.Release|x64.ActiveCfg = Release|x64
		{BBA60E76-915E-11E9-AE25-34E12D458C69}.Release|x64.Build.0 = Release|x64
		{BBA60E76-915E-11E9-AE25-34E12D458C69}.Release|x86.ActiveCfg = Release|Win32
		{BBA60E76-915E-11E9-AE25-34E12D458C69}.Release|x86.Build.0 = Release|Win32
		{7A2BE376-915F-11E9-B5EF-34E12D458C69}.Debug|Win32.ActiveCfg = Debug|Win32
		{7A2BE376-915F-11E9-B5EF-34E12D458C69}.Debug|Win32.Build.0 = Debug|Win32
		{7A2BE376-915F-11E9-B5EF-34E12D458C69}.Debug|x64.ActiveCfg = Debug|x64
		{7A2BE376-915F-11E9-B5EF-34E12D458C69}.Debug|x64.Build.0 = Debug|x64
		{7A2BE376-915F-11E9-B5EF-34E12D458C69}.Debug|x86.ActiveCfg = Debug|Win32
		{7A2BE376-915F-11E9-B5EF-34E12D458C69}.Debug|x86.Build.0 = Debug|Win32
		{7A2BE376-915F-11E9-B5EF-34E12D458C69}.Release|Win32.ActiveCfg = Release|Win32
		{7A2BE376-915F-11E9-B5EF-34E12D458C69}.Release|Win32.Build.0 = Release|Win32
		{7A2BE376-915F-11E9-B5EF-34E12D458C69}.Release|x64.ActiveCfg = Release|x64
		{7A2BE376-915F-11E9-B5EF-34E12D458C69}.Release|x64.Build.0 = Release|x64
		{7A2BE376-915F-11E9-B5EF-34E12D458C69}.Release|x86.ActiveCfg = Release|Win32
		{7A2BE376-915F-11E9-B5EF-34E12D458C69}.Release|x86.Build.0 = Release|Win32
		{BA68ED5A-915E-11E9-86D7-34E12D458C69}.Debug|Win32.ActiveCfg = Debug|Win32
		{BA68ED5A-915E-11E9-86D7-34E12D458C69}.Debug|Win32.Build.0 = Debug|Win32
		{BA68ED5A-915E-11E9-86D7-34E12D458C69}.Debug|x64.ActiveCfg = Debug|x64
		{BA68ED5A-915E-11E9-86D7-34E12D458C69}.Debug|x64.Build.0 = Debug|x64
		{BA68ED5A-915E-11E9-86D7-34E12D458C69}.Debug|x86.ActiveCfg = Debug|Win32
		{BA68ED5A-915E-11E9-86D7-34E12D458C69}.Debug|x86.Build.0 = Debug|Win32
		{BA68ED5A-915E-11E9-86D7-34E12D458C69}.Release|Win32.ActiveCfg = Release|Win32
		{BA68ED5A-915E-11E9-86D7-34E12D458C69}.Release|Win32.Build.0 = Release|Win32
		{BA68ED5A-915E-11E9-86D7-34E12D458C69}.Release|x64.ActiveCfg = Release|x64
		{BA68ED5A-915E-11E9-86D7-34E12D458C69}.Release|x64.Build.0 = Release|x64
		{BA68ED5A-915E-11E9-86D7-34E12D458C69}.Release|x86.ActiveCfg = Release|Win32
		{BA68ED5A-915E-11E9-86D7-34E12D458C69}.Release|x86.Build.0 = Release|Win32
		{BA87E9EE-915E-11E9-B444-34E12D458C69}.Debug|Win32.ActiveCfg = Debug|Win32
		{BA87E9EE-915E-11E9-B444-34E12D458C69}.Debug|Win32.Build.0 = Debug|Win32
		{BA87E9EE-915E-11E9-B444-34E12D458C69}.Debug|x64.ActiveCfg = Debug|x64
		{BA87E9EE-915E-11E9-B444-34E12D458C69}.Debug|x64.Build.0 = Debug|x64
		{BA87E9EE-915E-11E9-B444-34E12D458C69}.Debug|x86.ActiveCfg = Debug|Win32
		{BA87E9EE-915E-11E9-B444-34E12D458C69}.Debug|x86.Build.0 = Debug|Win32
		{BA87E9EE-915E-11E9-B444-34E12D458C69}.Release|Win32.ActiveCfg = Release|Win32
		{BA87E9EE-915E-11E9-B444-34E12D458C69}.Release|Win32.Build.0 = Release|Win32
		{BA87E9EE-915E-11E9-B444-34E12D458C69}.Release|x64.ActiveCfg = Release|x64
		{BA87E9EE-915E-11E9-B444-34E12D458C69}.Release|x64.Build.0 = Release|x64
		{BA87E9EE-915E-11E9-B444-34E12D458C69}.Release|x86.ActiveCfg = Release|Win32
		{BA87E9EE-915E-11E9-B444-34E12D458C69}.Release|x86.Build.0 = Release|Win32
		{104107A4-915F-11E9-909A-34E12D458C69}.Debug|Win32.ActiveCfg = Debug|Win32
		{104107A4-915F-11E9-909A-34E12D458C69}.Debug|Win32.Build.0 = Debug|Win32
		{104107A4-915F-11E9-909A-34E12D458C69}.Debug|x64.ActiveCfg = Debug|x64
		{104107A4-915F-11E9-909A-34E12D458C69}.Debug|x64.Build.0 = Debug|x64
		{104107A4-915F-11E9-909A-34E12D458C69}.Debug|x86.ActiveCfg = Debug|Win32
		{104107A4-915F-11E9-909A-34E12D458C69}.Debug|x86.Build.0 = Debug|Win32
		{104107A4-915F-11E9-909A-34E12D458C69}.Release|Win32.ActiveCfg = Release|Win32
		{104107A4-915F-11E9-909A-34E12D458C69}.Release|Win32.Build.0 = Release|Win32
		{104107A4-915F-11E9-909A-34E12D458C69}.Release|x64.ActiveCfg = Release|x64
		{104107A4-915F-11E9-909A-34E12D458C69}.Release|x64.Build.0 = Release|x64
		{104107A4-915F-11E9-909A-34E12D458C69}.Release|x86.ActiveCfg = Release|Win32
		{104107A4-915F-11E9-909A-34E12D458C69}.Release|x86.Build.0 = Release|Win32
		{BB12441C-915E-11E9-BB45-34E12D458C69}.Debug|Win32.ActiveCfg = Debug|Win32
		{BB12441C-915E-11E9-BB45-34E12D458C69}.Debug|Win32.Build.0 = Debug|Win32
		{BB12441C-915E-11E9-BB45-34E12D458C69}.Debug|x64.ActiveCfg = Debug|x64
		{BB12441C-915E-11E9-BB45-34E12D458C69}.Debug|x64.Build.0 = Debug|x64
		{BB12441C-915E-11E9-BB45-34E12D458C69}.Debug|x86.ActiveCfg = Debug|Win32
		{BB12441C-915E-11E9-BB45-34E12D458C69}.Debug|x86.Build.0 = Debug|Win32
		{BB12441C-915E-11E9-BB45-34E12D458C69}.Release|Win32.ActiveCfg = Release|Win32
		{BB12441C-915E-11E9-BB45-34E12D458C69}.Release|Win32.Build.0 = Release|Win32
		{BB12441C-915E-11E9-BB45-34E12D458C69}.Release|x64.ActiveCfg = Release|x64
		{BB12441C-915E-11E9-BB45-34E12D458C69}.Release|x64.Build.0 = Release|x64
		{BB12441C-915E-11E9-BB45-34E12D458C69}.Release|x86.ActiveCfg = Release|Win32
		{BB12441C-915E-11E9-BB45-34E12D458C69}.Release|x86.Build.0 = Release|Win32
		{BAFA6E58-915E-11E9-ADEC-34E12D458C69}.Debug|Win32.ActiveCfg = Debug|Win32
		{BAFA6E58-915E-11E9-ADEC-34E12D458C69}.Debug|Win32.Build.0 = Debug|Win32
		{BAFA6E58-915E-11E9-ADEC-34E12D458C69}.Debug|x64.ActiveCfg = Debug|x64
		{BAFA6E58-915E-11E9-ADEC-34E12D458C69}.Debug|x64.Build.0 = Debug|x64
		{BAFA6E58-915E-11E9-ADEC-34E12D458C69}.Debug|x86.ActiveCfg = Debug|Win32
		{BAFA6E58-915E-11E9-ADEC-34E12D458C69}.Debug|x86.Build.0 = Debug|Win32
		{BAFA6E58-915E-11E9-ADEC-34E12D458C69}.Release|Win32.ActiveCfg = Release|Win32
		{BAFA6E58-915E-11E9-ADEC-34E12D458C69}.Release|Win32.Build.0 = Release|Win32
		{BAFA6E58-915E-11E9-ADEC-34E12D458C69}.Release|x64.ActiveCfg = Release|x64
		{BAFA6E58-915E-11E9-ADEC-34E12D458C69}.Release|x64.Build.0 = Release|x64
		{BAFA6E58-915E-11E9-ADEC-34E12D458C69}.Release|x86.ActiveCfg = Release|Win32
		{BAFA6E58-915E-11E9-ADEC-34E12D458C69}.Release|x86.Build.0 = Release|Win32
		{BABED6F6-915E-11E9-BE2C-34E12D458C69}.Debug|Win32.ActiveCfg = Debug|Win32
		{BABED6F6-915E-11E9-BE2C-34E12D458C69}.Debug|Win32.Build.0 = Debug|Win32
		{BABED6F6-915E-11E9-BE2C-34E12D458C69}.Debug|x64.ActiveCfg = Debug|x64
		{BABED6F6-915E-11E9-BE2C-34E12D458C69}.Debug|x64.Build.0 = Debug|x64
		{BABED6F6-915E-11E9-BE2C-34E12D458C69}.Debug|x86.ActiveCfg = Debug|Win32
		{BABED6F6-915E-11E9-BE2C-34E12D458C69}.Debug|x86.Build.0 = Debug|Win32
		{BABED6F6-915E-11E9-BE2C-34E12D458C69}.Release|Win32.ActiveCfg = Release|Win32
		{BABED6F6-915E-11E9-BE2C-34E12D458C69}.Release|Win32.Build.0 = Release|Win32
		{BABED6F6-915E-11E9-BE2C-34E12D458C69}.Release|x64.ActiveCfg = Release|x64
		{BABED6F6-915E-11E9-BE2C-34E12D458C69}.Release|x64.Build.0 = Release|x64
		{BABED6F6-915E-11E9-BE2C-34E12D458C69}.Release|x86.ActiveCfg = Release|Win32
		{BABED6F6-915E-11E9-BE2C-34E12D458C69}.Release|x86.Build.0 = Release|Win32
		{335E0D6E-9160-11E9-97D8-34E12D458C69}.Debug|Win32.ActiveCfg = Debug|Win32
		{335E0D6E-9160-11E9-97D8-34E12D458C69}.Debug|Win32.Build.0 = Debug|Win32
		{335E0D6E-9160-11E9-97D8-34E12D458C69}.Debug|x64.ActiveCfg = Debug|x64
		{335E0D6E-9160-11E9-97D8-34E12D458C69}.Debug|x64.Build.0 = Debug|x64
		{335E0D6E-9160-11E9-97D8-34E12D458C69}.Debug|x86.ActiveCfg = Debug|Win32
		{335E0D6E-9160-11E9-97D8-34E12D458C69}.Debug|x86.Build.0 = Debug|Win32
		{335E0D6E-9160-11E9-97D8-34E12D458C69}.Release|Win32.ActiveCfg = Release|Win32
		{335E0D6E-9160-11E9-97D8-34E12D458C69}.Release|Win32.Build.0 = Release|Win32
		{335E0D6E-9160-11E9-97D8-34E12D458C69}.Release|x64.ActiveCfg = Release|x64
		{335E0D6E-9160-11E9-97D8-34E12D458C69}.Release|x64.Build.0 = Release|x64
		{335E0D6E-9160-11E9-97D8-34E12D458C69}.Release|x86.ActiveCfg = Release|Win32
		{335E0D6E-9160-11E9-97D8-34E12D458C69}.Release|x86.Build.0 = Release|Win32
		{BADDD388-915E-11E9-9C37-34E12D458C69}.Debug|Win32.ActiveCfg = Debug|Win32
		{BADDD388-915E-11E9-9C37-34E12D458C69}.Debug|Win32.Build.0 = Debug|Win32
		{BADDD388-915E-11E9-9C37-34E12D458C69}.Debug|x64.ActiveCfg = Debug|x64
		{BADDD388-915E-11E9-9C37-34E12D458C69}.Debug|x64.Build.0 = Debug|x64
		{BADDD388-915E-11E9-9C37-34E12D458C69}.Debug|x86.ActiveCfg = Debug|Win32
		{BADDD388-915E-11E9-9C37-34E12D458C69}.Debug|x86.Build.0 = Debug|Win32
		{BADDD388-915E-11E9-9C37-34E12D458C69}.Release|Win32.ActiveCfg = Release|Win32
		{BADDD388-915E-11E9-9C37-34E12D458C69}.Release|Win32.Build.0 = Release|Win32
		{BADDD388-915E-11E9-9C37-34E12D458C69}.Release|x64.ActiveCfg = Release|x64
		{BADDD388-915E-11E9-9C37-34E12D458C69}.Release|x64.Build.0 = Release|x64
		{BADDD388-915E-11E9-9C37-34E12D458C69}.Release|x86.ActiveCfg = Release|Win32
		{BADDD388-915E-11E9-9C37-34E12D458C69}.Release|x86.Build.0 = Release|Win32
		{703195B0-915F-11E9-B4FF-34E12D458C69}.Debug|Win32.ActiveCfg = Debug|Win32
		{703195B0-915F-11E9-B4FF-34E12D458C69}.Debug|Win32.Build.0 = Debug|Win32
		{703195B0-915F-11E9-B4FF-34E12D458C69}.Debug|x64.ActiveCfg = Debug|x64
		{703195B0-915F-11E9-B4FF-34E12D458C69}.Debug|x64.Build.0 = Debug|x64
		{703195B0-915F-11E9-B4FF-34E12D458C69}.Debug|x86.ActiveCfg = Debug|Win32
		{703195B0-915F-11E9-B4FF-34E12D458C69}.Debug|x86.Build.0 = Debug|Win32
		{703195B0-915F-11E9-B4FF-34E12D458C69}.Release|Win32.ActiveCfg = Release|Win32
		{703195B0-915F-11E9-B4FF-34E12D458C69}.Release|Win32.Build.0 = Release|Win32
		{703195B0-915F-11E9-B4FF-34E12D458C69}.Release|x64.ActiveCfg = Release|x64
		{703195B0-915F-11E9-B4FF-34E12D458C69}.Release|x64.Build.0 = Release|x64
		{703195B0-915F-11E9-B4FF-34E12D458C69}.Release|x86.ActiveCfg = Release|Win32
		{703195B0-915F-11E9-B4FF-34E12D458C69}.Release|x86.Build.0 = Release|Win32
		{FAB7A38C-1092-11EB-850E-DCFE07D3132C}.Debug|Win32.ActiveCfg = Debug|Win32
		{FAB7A38C-1092-11EB-850E-DCFE07D3132C}.Debug|Win32.Build.0 = Debug|Win32
		{FAB7A38C-1092-11EB-850E-DCFE07D3132C}.Debug|x64.ActiveCfg = Debug|x64
		{FAB7A38C-1092-11EB-850E-DCFE07D3132C}.Debug|x64.Build.0 = Debug|x64
		{FAB7A38C-1092-11EB-850E-DCFE07D3132C}.Debug|x86.ActiveCfg = Debug|Win32
		{FAB7A38C-1092-11EB-850E-DCFE07D3132C}.Debug|x86.Build.0 = Debug|Win32
		{FAB7A38C-1092-11EB-850E-DCFE07D3132C}.Release|Win32.ActiveCfg = Release|Win32
		{FAB7A38C-1092-11EB-850E-DCFE07D3132C}.Release|Win32.Build.0 = Release|Win32
		{FAB7A38C-1092-11EB-850E-DCFE07D3132C}.Release|x64.ActiveCfg = Release|x64
		{FAB7A38C-1092-11EB-850E-DCFE07D3132C}.Release|x64.Build.0 = Release|x64
		{FAB7A38C-1092-11EB-850E-DCFE07D3132C}.Release|x86.ActiveCfg = Release|Win32
		{FAB7A38C-1092-11EB-850E-DCFE07D3132C}.Release|x86.Build.0 = Release|Win32
		{B2598BDC-109E-11EB-877B-DCFE07D3132C}.Debug|Win32.ActiveCfg = Debug|Win32
		{B2598BDC-109E-11EB-877B-DCFE07D3132C}.Debug|Win32.Build.0 = Debug|Win32
		{B2598BDC-109E-11EB-877B-DCFE07D3132C}.Debug|x64.ActiveCfg = Debug|x64
		{B2598BDC-109E-11EB-877B-DCFE07D3132C}.Debug|x64.Build.0 = Debug|x64
		{B2598BDC-109E-11EB-877B-DCFE07D3132C}.Debug|x86.ActiveCfg = Debug|Win32
		{B2598BDC-109E-11EB-877B-DCFE07D3132C}.Debug|x86.Build.0 = Debug|Win32
		{B2598BDC-109E-11EB-877B-DCFE07D3132C}.Release|Win32.ActiveCfg = Release|Win32
		{B2598BDC-109E-11EB-877B-DCFE07D3132C}.Release|Win32.Build.0 = Release|Win32
		{B2598BDC-109E-11EB-877B-DCFE07D3132C}.Release|x64.ActiveCfg = Release|x64
		{B2598BDC-109E-11EB-877B-DCFE07D3132C}.Release|x64.Build.0 = Release|x64
		{B2598BDC-109E-11EB-877B-DCFE07D3132C}.Release|x86.ActiveCfg = Release|Win32
		{B2598BDC-109E-11EB-877B-DCFE07D3132C}.Release|x86.Build.0 = Release|Win32
		{A381A878-109F-11EB-A1C8-DCFE07D3132C}.Debug|Win32.ActiveCfg = Debug|Win32
		{A381A878-109F-11EB-A1C8-DCFE07D3132C}.Debug|Win32.Build.0 = Debug|Win32
		{A381A878-109F-11EB-A1C8-DCFE07D3132C}.Debug|x64.ActiveCfg = Debug|x64
		{A381A878-109F-11EB-A1C8-DCFE07D3132C}.Debug|x64.Build.0 = Debug|x64
		{A381A878-109F-11EB-A1C8-DCFE07D3132C}.Debug|x86.ActiveCfg = Debug|Win32
		{A381A878-109F-11EB-A1C8-DCFE07D3132C}.Debug|x86.Build.0 = Debug|Win32
		{A381A878-109F-11EB-A1C8-DCFE07D3132C}.Release|Win32.ActiveCfg = Release|Win32
		{A381A878-109F-11EB-A1C8-DCFE07D3132C}.Release|Win32.Build.0 = Release|Win32
		{A381A878-109F-11EB-A1C8-DCFE07D3132C}.Release|x64.ActiveCfg = Release|x64
		{A381A878-109F-11EB-A1C8-DCFE07D3132C}.Release|x64.Build.0 = Release|x64
		{A381A878-109F-11EB-A1C8-DCFE07D3132C}.Release|x86.ActiveCfg = Release|Win32
		{A381A878-109F-11EB-A1C8-DCFE07D3132C}.Release|x86.Build.0 = Release|Win32
		{D21700A8-109E-11EB-8275-DCFE07D3132C}.Debug|Win32.ActiveCfg = Debug|Win32
		{D21700A8-109E-11EB-8275-DCFE07D3132C}.Debug|Win32.Build.0 = Debug|Win32
		{D21700A8-109E-11EB-8275-DCFE07D3132C}.Debug|x64.ActiveCfg = Debug|x64
		{D21700A8-109E-11EB-8275-DCFE07D3132C}.Debug|x64.Build.0 = Debug|x64
		{D21700A8-109E-11EB-8275-DCFE07D3132C}.Debug|x86.ActiveCfg = Debug|Win32
		{D21700A8-109E-11EB-8275-DCFE07D3132C}.Debug|x86.Build.0 = Debug|Win32
		{D21700A8-109E-11EB-8275-DCFE07D3132C}.Release|Win32.ActiveCfg = Release|Win32
		{D21700A8-109E-11EB-8275-DCFE07D3132C}.Release|Win32.Build.0 = Release|Win32
		{D21700A8-109E-11EB-8275-DCFE07D3132C}.Release|x64.ActiveCfg = Release|x64
		{D21700A8-109E-11EB-8275-DCFE07D3132C}.Release|x64.Build.0 = Release|x64
		{D21700A8-109E-11EB-8275-DCFE07D3132C}.Release|x86.ActiveCfg = Release|Win32
		{D21700A8-109E-11EB-8275-DCFE07D3132C}.Release|x86.Build.0 = Release|Win32
		{FFB8F6A2-109F-11EB-8C3B-DCFE07D3132C}.Debug|Win32.ActiveCfg = Debug|Win32
		{FFB8F6A2-109F-11EB-8C3B-DCFE07D3132C}.Debug|Win32.Build.0 = Debug|Win32
		{FFB8F6A2-109F-11EB-8C3B-DCFE07D3132C}.Debug|x64.ActiveCfg = Debug|x64
		{FFB8F6A2-109F-11EB-8C3B-DCFE07D3132C}.Debug|x64.Build.0 = Debug|x64
		{FFB8F6A2-109F-11EB-8C3B-DCFE07D3132C}.Debug|x86.ActiveCfg = Debug|Win32
		{FFB8F6A2-109F-11EB-8C3B-DCFE07D3132C}.Debug|x86.Build.0 = Debug|Win32
		{FFB8F6A2-109F-11EB-8C3B-DCFE07D3132C}.Release|Win32.ActiveCfg = Release|Win32
		{FFB8F6A2-109F-11EB-8C3B-DCFE07D3132C}.Release|Win32.Build.0 = Release|Win32
		{FFB8F6A2-109F-11EB-8C3B-DCFE07D3132C}.Release|x64.ActiveCfg = Release|x64
		{FFB8F6A2-109F-11EB-8C3B-DCFE07D3132C}.Release|x64.Build.0 = Release|x64
		{FFB8F6A2-109F-11EB-8C3B-DCFE07D3132C}.Release|x86.ActiveCfg = Release|Win32
		{FFB8F6A2-109F-11EB-8C3B-DCFE07D3132C}.Release|x86.Build.0 = Release|Win32
		{6F123942-10AB-11EB-ABA6-DCFE07D3132C}.Debug|Win32.ActiveCfg = Debug|Win32
		{6F123942-10AB-11EB-ABA6-DCFE07D3132C}.Debug|Win32.Build.0 = Debug|Win32
		{6F123942-10AB-11EB-ABA6-DCFE07D3132C}.Debug|x64.ActiveCfg = Debug|x64
		{6F123942-10AB-11EB-ABA6-DCFE07D3132C}.Debug|x64.Build.0 = Debug|x64
		{6F123942-10AB-11EB-ABA6-DCFE07D3132C}.Debug|x86.ActiveCfg = Debug|Win32
		{6F123942-10AB-11EB-ABA6-DCFE07D3132C}.Debug|x86.Build.0 = Debug|Win32
		{6F123942-10AB-11EB-ABA6-DCFE07D3132C}.Release|Win32.ActiveCfg = Release|Win32
		{6F123942-10AB-11EB-ABA6-DCFE07D3132C}.Release|Win32.Build.0 = Release|Win32
		{6F123942-10AB-11EB-ABA6-DCFE07D3132C}.Release|x64.ActiveCfg = Release|x64
		{6F123942-10AB-11EB-ABA6-DCFE07D3132C}.Release|x64.Build.0 = Release|x64
		{6F123942-10AB-11EB-ABA6-DCFE07D3132C}.Release|x86.ActiveCfg = Release|Win32
		{6F123942-10AB-11EB-ABA6-DCFE07D3132C}.Release|x86.Build.0 = Release|Win32
		{5FF95064-109F-11EB-82B3-DCFE07D3132C}.Debug|Win32.ActiveCfg = Debug|Win32
		{5FF95064-109F-11EB-82B3-DCFE07D3132C}.Debug|Win32.Build.0 = Debug|Win32
		{5FF95064-109F-11EB-82B3-DCFE07D3132C}.Debug|x64.ActiveCfg = Debug|x64
		{5FF95064-109F-11EB-82B3-DCFE07D3132C}.Debug|x64.Build.0 = Debug|x64
		{5FF95064-109F-11EB-82B3-DCFE07D3132C}.Debug|x86.ActiveCfg = Debug|Win32
		{5FF95064-109F-11EB-82B3-DCFE07D3132C}.Debug|x86.Build.0 = Debug|Win32
		{5FF95064-109F-11EB-82B3-DCFE07D3132C}.Release|Win32.ActiveCfg = Release|Win32
		{5FF95064-109F-11EB-82B3-DCFE07D3132C}.Release|Win32.Build.0 = Release|Win32
		{5FF95064-109F-11EB-82B3-DCFE07D3132C}.Release|x64.ActiveCfg = Release|x64
		{5FF95064-109F-11EB-82B3-DCFE07D3132C}.Release|x64.Build.0 = Release|x64
		{5FF95064-109F-11EB-82B3-DCFE07D3132C}.Release|x86.ActiveCfg = Release|Win32
		{5FF95064-109F-11EB-82B3-DCFE07D3132C}.Release|x86.Build.0 = Release|Win32
		{E5C560A6-109F-11EB-B563-DCFE07D3132C}.Debug|Win32.ActiveCfg = Debug|Win32
		{E5C560A6-109F-11EB-B563-DCFE07D3132C}.Debug|Win32.Build.0 = Debug|Win32
		{E5C560A6-109F-11EB-B563-DCFE07D3132C}.Debug|x64.ActiveCfg = Debug|x64
		{E5C560A6-109F-11EB-B563-DCFE07D3132C}.Debug|x64.Build.0 = Debug|x64
		{E5C560A6-109F-11EB-B563-DCFE07D3132C}.Debug|x86.ActiveCfg = Debug|Win32
		{E5C560A6-109F-11EB-B563-DCFE07D3132C}.Debug|x86.Build.0 = Debug|Win32
		{E5C560A6-109F-11EB-B563-DCFE07D3132C}.Release|Win32.ActiveCfg = Release|Win32
		{E5C560A6-109F-11EB-B563-DCFE07D3132C}.Release|Win32.Build.0 = Release|Win32
		{E5C560A6-109F-11EB-B563-DCFE07D3132C}.Release|x64.ActiveCfg = Release|x64
		{E5C560A6-109F-11EB-B563-DCFE07D3132C}.Release|x64.Build.0 = Release|x64
		{E5C560A6-109F-11EB-B563-DCFE07D3132C}.Release|x86.ActiveCfg = Release|Win32
		{E5C560A6-109F-11EB-B563-DCFE07D3132C}.Release|x86.Build.0 = Release|Win32
		{5FD7B46C-109F-11EB-A75F-DCFE07D3132C}.Debug|Win32.ActiveCfg = Debug|Win32
		{5FD7B46C-109F-11EB-A75F-DCFE07D3132C}.Debug|Win32.Build.0 = Debug|Win32
		{5FD7B46C-109F-11EB-A75F-DCFE07D3132C}.Debug|x64.ActiveCfg = Debug|x64
		{5FD7B46C-109F-11EB-A75F-DCFE07D3132C}.Debug|x64.Build.0 = Debug|x64
		{5FD7B46C-109F-11EB-A75F-DCFE07D3132C}.Debug|x86.ActiveCfg = Debug|Win32
		{5FD7B46C-109F-11EB-A75F-DCFE07D3132C}.Debug|x86.Build.0 = Debug|Win32
		{5FD7B46C-109F-11EB-A75F-DCFE07D3132C}.Release|Win32.ActiveCfg = Release|Win32
		{5FD7B46C-109F-11EB-A75F-DCFE07D3132C}.Release|Win32.Build.0 = Release|Win32
		{5FD7B46C-109F-11EB-A75F-DCFE07D3132C}.Release|x64.ActiveCfg = Release|x64
		{5FD7B46C-109F-11EB-A75F-DCFE07D3132C}.Release|x64.Build.0 = Release|x64
		{5FD7B46C-109F-11EB-A75F-DCFE07D3132C}.Release|x86.ActiveCfg = Release|Win32
		{5FD7B46C-109F-11EB-A75F-DCFE07D3132C}.Release|x86.Build.0 = Release|Win32
	EndGlobalSection
	GlobalSection(SolutionProperties) = preSolution
		HideSolutionNode = FALSE
	EndGlobalSection
	GlobalSection(NestedProjects) = preSolution
		{E2E95B42-915E-11E9-B71E-34E12D458C69} = {B3ED1A67-B3F2-4A16-B401-8CD15FFAA8B7}
		{E2FD6B64-915E-11E9-9EC1-34E12D458C69} = {B3ED1A67-B3F2-4A16-B401-8CD15FFAA8B7}
		{E2CAC0C6-915E-11E9-9B6B-34E12D458C69} = {B3ED1A67-B3F2-4A16-B401-8CD15FFAA8B7}
		{E2201E2E-915E-11E9-84A1-34E12D458C69} = {B3ED1A67-B3F2-4A16-B401-8CD15FFAA8B7}
		{E2411B58-915E-11E9-8819-34E12D458C69} = {B3ED1A67-B3F2-4A16-B401-8CD15FFAA8B7}
		{E266DC4A-915E-11E9-86A8-34E12D458C69} = {B3ED1A67-B3F2-4A16-B401-8CD15FFAA8B7}
		{BB2555DE-915E-11E9-A149-34E12D458C69} = {7999A549-220F-463E-8CFA-87B9E3E13308}
		{BB49184C-915E-11E9-A118-34E12D458C69} = {7999A549-220F-463E-8CFA-87B9E3E13308}
		{BB65B2EC-915E-11E9-9E70-34E12D458C69} = {7999A549-220F-463E-8CFA-87B9E3E13308}
		{10D26E58-915F-11E9-9659-34E12D458C69} = {7999A549-220F-463E-8CFA-87B9E3E13308}
		{BBDA7EF4-915E-11E9-871F-34E12D458C69} = {7999A549-220F-463E-8CFA-87B9E3E13308}
		{BBC50A26-915E-11E9-8E4F-34E12D458C69} = {7999A549-220F-463E-8CFA-87B9E3E13308}
		{BB84AF8A-915E-11E9-AE0E-34E12D458C69} = {7999A549-220F-463E-8CFA-87B9E3E13308}
		{345F7AA2-9160-11E9-8983-34E12D458C69} = {7999A549-220F-463E-8CFA-87B9E3E13308}
		{BBA60E76-915E-11E9-AE25-34E12D458C69} = {7999A549-220F-463E-8CFA-87B9E3E13308}
		{7A2BE376-915F-11E9-B5EF-34E12D458C69} = {7999A549-220F-463E-8CFA-87B9E3E13308}
		{BA68ED5A-915E-11E9-86D7-34E12D458C69} = {1D740100-A216-4A8B-BDA6-B51345167D56}
		{BA87E9EE-915E-11E9-B444-34E12D458C69} = {1D740100-A216-4A8B-BDA6-B51345167D56}
		{104107A4-915F-11E9-909A-34E12D458C69} = {1D740100-A216-4A8B-BDA6-B51345167D56}
		{BB12441C-915E-11E9-BB45-34E12D458C69} = {1D740100-A216-4A8B-BDA6-B51345167D56}
		{BAFA6E58-915E-11E9-ADEC-34E12D458C69} = {1D740100-A216-4A8B-BDA6-B51345167D56}
		{BABED6F6-915E-11E9-BE2C-34E12D458C69} = {1D740100-A216-4A8B-BDA6-B51345167D56}
		{335E0D6E-9160-11E9-97D8-34E12D458C69} = {1D740100-A216-4A8B-BDA6-B51345167D56}
		{BADDD388-915E-11E9-9C37-34E12D458C69} = {1D740100-A216-4A8B-BDA6-B51345167D56}
		{703195B0-915F-11E9-B4FF-34E12D458C69} = {1D740100-A216-4A8B-BDA6-B51345167D56}
		{FAB7A38C-1092-11EB-850E-DCFE07D3132C} = {B3ED1A67-B3F2-4A16-B401-8CD15FFAA8B7}
		{B2598BDC-109E-11EB-877B-DCFE07D3132C} = {2B271DC0-FC02-4E2C-8B5A-7D94FC1500D4}
		{A381A878-109F-11EB-A1C8-DCFE07D3132C} = {2B271DC0-FC02-4E2C-8B5A-7D94FC1500D4}
		{D21700A8-109E-11EB-8275-DCFE07D3132C} = {2B271DC0-FC02-4E2C-8B5A-7D94FC1500D4}
		{FFB8F6A2-109F-11EB-8C3B-DCFE07D3132C} = {2B271DC0-FC02-4E2C-8B5A-7D94FC1500D4}
		{6F123942-10AB-11EB-ABA6-DCFE07D3132C} = {2B271DC0-FC02-4E2C-8B5A-7D94FC1500D4}
		{5FF95064-109F-11EB-82B3-DCFE07D3132C} = {2B271DC0-FC02-4E2C-8B5A-7D94FC1500D4}
		{E5C560A6-109F-11EB-B563-DCFE07D3132C} = {2B271DC0-FC02-4E2C-8B5A-7D94FC1500D4}
		{5FD7B46C-109F-11EB-A75F-DCFE07D3132C} = {2B271DC0-FC02-4E2C-8B5A-7D94FC1500D4}
	EndGlobalSection
	GlobalSection(ExtensibilityGlobals) = postSolution
		SolutionGuid = {96DF9B73-9FD4-45AF-A4DE-18469E35AE81}
	EndGlobalSection
	GlobalSection(Performance) = preSolution
		HasPerformanceSessions = true
	EndGlobalSection
EndGlobal
