<?xml version="1.0" encoding="utf-8"?>
<Project ToolsVersion="15.0" xmlns="http://schemas.microsoft.com/developer/msbuild/2003">
  <ItemGroup>
    <Filter Include="Source Files">
      <UniqueIdentifier>{c89e7926-5ce9-4bfc-b396-6e27b932032b}</UniqueIdentifier>
    </Filter>
    <Filter Include="Header Files">
      <UniqueIdentifier>{7b70b033-52dc-437f-a60a-b4f302f3d4ae}</UniqueIdentifier>
    </Filter>
  </ItemGroup>
  <ItemGroup>
    <ClCompile Include="ql\time\date.cpp">
      <Filter>Source Files</Filter>
    </ClCompile>
    <ClCompile Include="ql\time\frequency.cpp">
      <Filter>Source Files</Filter>
    </ClCompile>
    <ClCompile Include="ql\time\period.cpp">
      <Filter>Source Files</Filter>
    </ClCompile>
    <ClCompile Include="ql\time\timeunit.cpp">
      <Filter>Source Files</Filter>
    </ClCompile>
    <ClCompile Include="ql\time\weekday.cpp">
      <Filter>Source Files</Filter>
    </ClCompile>
    <ClCompile Include="ql\utilities\dataformatters.cpp">
      <Filter>Source Files</Filter>
    </ClCompile>
    <ClCompile Include="ql\math\matrix.cpp">
      <Filter>Source Files</Filter>
    </ClCompile>
  </ItemGroup>
  <ItemGroup>
    <ClInclude Include="ql\time\date.hpp">
      <Filter>Header Files</Filter>
    </ClInclude>
    <ClInclude Include="ql\time\frequency.hpp">
      <Filter>Header Files</Filter>
    </ClInclude>
    <ClInclude Include="ql\time\period.hpp">
      <Filter>Header Files</Filter>
    </ClInclude>
    <ClInclude Include="ql\time\timeunit.hpp">
      <Filter>Header Files</Filter>
    </ClInclude>
    <ClInclude Include="ql\time\weekday.hpp">
      <Filter>Header Files</Filter>
    </ClInclude>
    <ClInclude Include="ql\utilities\dataformatters.hpp">
      <Filter>Header Files</Filter>
    </ClInclude>
    <ClInclude Include="ql\utilities\disposable.hpp">
      <Filter>Header Files</Filter>
    </ClInclude>
    <ClInclude Include="ql\utilities\null.hpp">
      <Filter>Header Files</Filter>
    </ClInclude>
    <ClInclude Include="ql\utilities\steppingiterator.hpp">
      <Filter>Header Files</Filter>
    </ClInclude>
    <ClInclude Include="ql\math\array.hpp">
      <Filter>Header Files</Filter>
    </ClInclude>
    <ClInclude Include="ql\math\matrix.hpp">
      <Filter>Header Files</Filter>
    </ClInclude>
  </ItemGroup>
  <ItemGroup>
    <None Include="Makefile" />
  </ItemGroup>
</Project>