<?xml version="1.0" encoding="utf-8"?>
<Project ToolsVersion="15.0" xmlns="http://schemas.microsoft.com/developer/msbuild/2003">
  <ItemGroup>
    <Filter Include="Source Files">
      <UniqueIdentifier>{ac88c30e-4cdb-4709-83b7-350197753d78}</UniqueIdentifier>
    </Filter>
    <Filter Include="Header Files">
      <UniqueIdentifier>{e02ed1be-c033-4fd9-9288-b8c7b2bea781}</UniqueIdentifier>
    </Filter>
  </ItemGroup>
  <ItemGroup>
    <ClCompile Include="src\pyd_cpplib_cpplib.cpp">
      <Filter>Source Files</Filter>
    </ClCompile>
    <ClCompile Include="src\py_cpplib_bsopt.cpp">
      <Filter>Source Files</Filter>
    </ClCompile>
    <ClCompile Include="src\py_cpplib_cashflow.cpp">
      <Filter>Source Files</Filter>
    </ClCompile>
    <ClCompile Include="src\py_cpplib_dates.cpp">
      <Filter>Source Files</Filter>
    </ClCompile>
    <ClCompile Include="src\py_cpplib_dateType.cpp">
      <Filter>Source Files</Filter>
    </ClCompile>
    <ClCompile Include="src\py_cpplib_dist.cpp">
      <Filter>Source Files</Filter>
    </ClCompile>
    <ClCompile Include="src\py_cpplib_holidays.cpp">
      <Filter>Source Files</Filter>
    </ClCompile>
    <ClCompile Include="src\py_cpplib_indexCurve.cpp">
      <Filter>Source Files</Filter>
    </ClCompile>
    <ClCompile Include="src\py_cpplib_math.cpp">
      <Filter>Source Files</Filter>
    </ClCompile>
    <ClCompile Include="src\py_cpplib_rates.cpp">
      <Filter>Source Files</Filter>
    </ClCompile>
    <ClCompile Include="src\py_cpplib_version.cpp">
      <Filter>Source Files</Filter>
    </ClCompile>
    <ClCompile Include="src\py_cpplib_zcBuild.cpp">
      <Filter>Source Files</Filter>
    </ClCompile>
    <ClCompile Include="src\py_cpplib_zeroCurve.cpp">
      <Filter>Source Files</Filter>
    </ClCompile>
    <ClCompile Include="src\cpplib.py">
      <Filter>Source Files</Filter>
    </ClCompile>
  </ItemGroup>
  <ItemGroup>
    <ClInclude Include="src\pyd_cpplib_cpplib.hpp">
      <Filter>Header Files</Filter>
    </ClInclude>
    <ClInclude Include="src\py_cpplib_bsopt.hpp">
      <Filter>Header Files</Filter>
    </ClInclude>
    <ClInclude Include="src\py_cpplib_cashflow.hpp">
      <Filter>Header Files</Filter>
    </ClInclude>
    <ClInclude Include="src\py_cpplib_dates.hpp">
      <Filter>Header Files</Filter>
    </ClInclude>
    <ClInclude Include="src\py_cpplib_dateType.hpp">
      <Filter>Header Files</Filter>
    </ClInclude>
    <ClInclude Include="src\py_cpplib_dist.hpp">
      <Filter>Header Files</Filter>
    </ClInclude>
    <ClInclude Include="src\py_cpplib_holidays.hpp">
      <Filter>Header Files</Filter>
    </ClInclude>
    <ClInclude Include="src\py_cpplib_indexCurve.hpp">
      <Filter>Header Files</Filter>
    </ClInclude>
    <ClInclude Include="src\py_cpplib_math.hpp">
      <Filter>Header Files</Filter>
    </ClInclude>
    <ClInclude Include="src\py_cpplib_rates.hpp">
      <Filter>Header Files</Filter>
    </ClInclude>
    <ClInclude Include="src\py_cpplib_version.hpp">
      <Filter>Header Files</Filter>
    </ClInclude>
    <ClInclude Include="src\py_cpplib_zcBuild.hpp">
      <Filter>Header Files</Filter>
    </ClInclude>
    <ClInclude Include="src\py_cpplib_zeroCurve.hpp">
      <Filter>Header Files</Filter>
    </ClInclude>
    <ClInclude Include="src\pyd_cpplib_cpplib_decl_spec.h">
      <Filter>Header Files</Filter>
    </ClInclude>
  </ItemGroup>
  <ItemGroup>
    <None Include="Makefile" />
  </ItemGroup>
</Project>