<?xml version="1.0" encoding="utf-8"?>
<Project ToolsVersion="15.0" xmlns="http://schemas.microsoft.com/developer/msbuild/2003">
  <ItemGroup>
    <Filter Include="Source Files">
      <UniqueIdentifier>{834f7e31-b85b-4c83-81a3-9c64e005808e}</UniqueIdentifier>
    </Filter>
    <Filter Include="Header Files">
      <UniqueIdentifier>{555f0421-ba98-4fb9-b5d3-e4d5403d5a89}</UniqueIdentifier>
    </Filter>
  </ItemGroup>
  <ItemGroup>
    <ClCompile Include="src\xll_ql_ql.cpp">
      <Filter>Source Files</Filter>
    </ClCompile>
    <ClCompile Include="src\xl_ql_dates.cpp">
      <Filter>Source Files</Filter>
    </ClCompile>
    <ClCompile Include="src\xl_ql_math.cpp">
      <Filter>Source Files</Filter>
    </ClCompile>
    <ClCompile Include="src\xl_ql_version.cpp">
      <Filter>Source Files</Filter>
    </ClCompile>
  </ItemGroup>
  <ItemGroup>
    <ClInclude Include="src\xll_ql_ql.hpp">
      <Filter>Header Files</Filter>
    </ClInclude>
    <ClInclude Include="src\xl_ql_dates.hpp">
      <Filter>Header Files</Filter>
    </ClInclude>
    <ClInclude Include="src\xl_ql_math.hpp">
      <Filter>Header Files</Filter>
    </ClInclude>
    <ClInclude Include="src\xl_ql_version.hpp">
      <Filter>Header Files</Filter>
    </ClInclude>
    <ClInclude Include="src\xll_ql_ql_decl_spec.h">
      <Filter>Header Files</Filter>
    </ClInclude>
  </ItemGroup>
  <ItemGroup>
    <None Include="Makefile" />
  </ItemGroup>
</Project>