<?xml version="1.0" encoding="utf-8"?>
<Project ToolsVersion="16.0" xmlns="http://schemas.microsoft.com/developer/msbuild/2003">
  <ItemGroup>
    <Filter Include="Source Files">
      <UniqueIdentifier>{7a70705f-1e82-4400-9f65-ea241e39c4b5}</UniqueIdentifier>
    </Filter>
    <Filter Include="Header Files">
      <UniqueIdentifier>{7cc9cda0-cdcb-4680-9b9c-c7d07474c7b7}</UniqueIdentifier>
    </Filter>
  </ItemGroup>
  <ItemGroup>
    <ClCompile Include="src\xll_ql_ql.cpp">
      <Filter>Source Files</Filter>
    </ClCompile>
    <ClCompile Include="src\xl_ql_dates.cpp">
      <Filter>Source Files</Filter>
    </ClCompile>
    <ClCompile Include="src\xl_ql_math.cpp">
      <Filter>Source Files</Filter>
    </ClCompile>
    <ClCompile Include="src\xl_ql_version.cpp">
      <Filter>Source Files</Filter>
    </ClCompile>
  </ItemGroup>
  <ItemGroup>
    <ClInclude Include="src\xll_ql_ql.hpp">
      <Filter>Header Files</Filter>
    </ClInclude>
    <ClInclude Include="src\xl_ql_dates.hpp">
      <Filter>Header Files</Filter>
    </ClInclude>
    <ClInclude Include="src\xl_ql_math.hpp">
      <Filter>Header Files</Filter>
    </ClInclude>
    <ClInclude Include="src\xl_ql_version.hpp">
      <Filter>Header Files</Filter>
    </ClInclude>
    <ClInclude Include="src\xll_ql_ql_decl_spec.h">
      <Filter>Header Files</Filter>
    </ClInclude>
  </ItemGroup>
  <ItemGroup>
    <None Include="Makefile" />
  </ItemGroup>
</Project>